<?xml version="1.0" encoding="utf-8"?>
<Project ToolsVersion="4.0" xmlns="http://schemas.microsoft.com/developer/msbuild/2003">
  <ItemGroup>
    <Filter Include="Source Files">
      <UniqueIdentifier>{4FC737F1-C7A5-4376-A066-2A32D752A2FF}</UniqueIdentifier>
      <Extensions>cpp;c;cc;cxx;def;odl;idl;hpj;bat;asm;asmx</Extensions>
    </Filter>
    <Filter Include="Header Files">
      <UniqueIdentifier>{93995380-89BD-4b04-88EB-625FBE52EBFB}</UniqueIdentifier>
      <Extensions>h;hh;hpp;hxx;hm;inl;inc;xsd</Extensions>
    </Filter>
    <Filter Include="Resource Files">
      <UniqueIdentifier>{67DA6AB6-F800-4c08-8B7A-83BB121AAD01}</UniqueIdentifier>
      <Extensions>rc;ico;cur;bmp;dlg;rc2;rct;bin;rgs;gif;jpg;jpeg;jpe;resx;tiff;tif;png;wav;mfcribbon-ms</Extensions>
    </Filter>
    <Filter Include="Header Files\MISC">
      <UniqueIdentifier>{9805db47-a36e-4af1-923d-bfafff623bc1}</UniqueIdentifier>
    </Filter>
    <Filter Include="Header Files\PostProcess">
      <UniqueIdentifier>{83be86ea-47ce-4233-8def-63a790a3c06c}</UniqueIdentifier>
    </Filter>
    <Filter Include="Header Files\PostProcess\OpenGL">
      <UniqueIdentifier>{e256c2e6-e039-4495-96a5-8b99a24a88d6}</UniqueIdentifier>
    </Filter>
    <Filter Include="Source Files\PostProcess">
      <UniqueIdentifier>{10043683-02f8-44d9-b25a-dadfb0cc106e}</UniqueIdentifier>
    </Filter>
    <Filter Include="Source Files\PostProcess\OpenGL">
      <UniqueIdentifier>{2d50d9d1-eae5-4fc5-a43e-e038bd8b373a}</UniqueIdentifier>
    </Filter>
    <Filter Include="Header Files\RHI">
      <UniqueIdentifier>{123eea1c-1067-47d6-abcb-36f41b51059d}</UniqueIdentifier>
    </Filter>
    <Filter Include="Header Files\RHI\Generic">
      <UniqueIdentifier>{f0e82a6b-b9db-4074-8b3a-d8e7a8b407d3}</UniqueIdentifier>
    </Filter>
    <Filter Include="Header Files\RHI\OpenGL">
      <UniqueIdentifier>{8ff74ffe-f79b-43a4-b586-4446c6f410e3}</UniqueIdentifier>
    </Filter>
    <Filter Include="Source Files\RHI">
      <UniqueIdentifier>{bf91f070-b9cb-4037-a464-212360ff320c}</UniqueIdentifier>
    </Filter>
    <Filter Include="Source Files\RHI\Generic">
      <UniqueIdentifier>{359d65e9-a52c-4832-a84b-c53f8b5dc677}</UniqueIdentifier>
    </Filter>
    <Filter Include="Source Files\RHI\OpenGL">
      <UniqueIdentifier>{212d08f9-e368-47ff-876b-bdf86035e712}</UniqueIdentifier>
    </Filter>
    <Filter Include="Header Files\Camera">
      <UniqueIdentifier>{2b42dd58-edf8-47ba-ba06-fa1eb5e86f02}</UniqueIdentifier>
    </Filter>
    <Filter Include="Header Files\Gizmo">
      <UniqueIdentifier>{7007afe3-f63c-4ff7-9cac-2bcdb9d2f5f4}</UniqueIdentifier>
    </Filter>
    <Filter Include="Source Files\Camera">
      <UniqueIdentifier>{8e5df266-8741-4e55-832a-89e9338706eb}</UniqueIdentifier>
    </Filter>
    <Filter Include="Source Files\Gizmo">
      <UniqueIdentifier>{76e937e1-5d07-47e5-ae0c-854e30551499}</UniqueIdentifier>
    </Filter>
    <Filter Include="Source Files\Rendering">
      <UniqueIdentifier>{95e1e4f2-1d7f-4b6e-be9e-77d7e32b8e6a}</UniqueIdentifier>
    </Filter>
    <Filter Include="Header Files\Rendering">
      <UniqueIdentifier>{ae55f8da-e4d9-4857-a7c4-01516bbdb294}</UniqueIdentifier>
    </Filter>
    <Filter Include="MISC">
      <UniqueIdentifier>{963decfc-be92-4846-9139-e2ae1e794ab8}</UniqueIdentifier>
    </Filter>
  </ItemGroup>
  <ItemGroup>
    <ClInclude Include="stdafx.h">
      <Filter>Header Files\MISC</Filter>
    </ClInclude>
    <ClInclude Include="targetver.h">
      <Filter>Header Files\MISC</Filter>
    </ClInclude>
    <ClInclude Include="..\Common\TCMRenderer\RendererDefines.h">
      <Filter>Header Files\MISC</Filter>
    </ClInclude>
    <ClInclude Include="..\Common\TCMRenderer\Gizmo\Gizmo.h">
      <Filter>Header Files\Gizmo</Filter>
    </ClInclude>
    <ClInclude Include="..\Common\TCMRenderer\Gizmo\GizmoLine.h">
      <Filter>Header Files\Gizmo</Filter>
    </ClInclude>
    <ClInclude Include="..\Common\TCMRenderer\Gizmo\GizmoMesh.h">
      <Filter>Header Files\Gizmo</Filter>
    </ClInclude>
    <ClInclude Include="..\Common\TCMRenderer\Gizmo\GizmoPoint.h">
      <Filter>Header Files\Gizmo</Filter>
    </ClInclude>
    <ClInclude Include="..\Common\TCMRenderer\Gizmo\GizmoType.h">
      <Filter>Header Files\Gizmo</Filter>
    </ClInclude>
    <ClInclude Include="..\Common\TCMRenderer\Camera\CameraData.h">
      <Filter>Header Files\Camera</Filter>
    </ClInclude>
    <ClInclude Include="..\Common\TCMRenderer\Camera\CameraManager.h">
      <Filter>Header Files\Camera</Filter>
    </ClInclude>
    <ClInclude Include="..\Common\TCMRenderer\RHI\Generic\AbstractRenderer.h">
      <Filter>Header Files\RHI\Generic</Filter>
    </ClInclude>
    <ClInclude Include="..\Common\TCMRenderer\RHI\Generic\RenderData.h">
      <Filter>Header Files\RHI\Generic</Filter>
    </ClInclude>
    <ClInclude Include="..\Common\TCMRenderer\Camera\ViewProjectionMatrix.h">
      <Filter>Header Files\Camera</Filter>
    </ClInclude>
    <ClInclude Include="..\Common\TCMRenderer\Rendering\RenderableObject.h">
      <Filter>Header Files\Rendering</Filter>
    </ClInclude>
    <ClInclude Include="..\Common\TCMRenderer\Rendering\RendererFactory.h">
      <Filter>Header Files\Rendering</Filter>
    </ClInclude>
    <ClInclude Include="..\Common\TCMRenderer\Rendering\RenderGraph.h">
      <Filter>Header Files\Rendering</Filter>
    </ClInclude>
    <ClInclude Include="..\Common\TCMRenderer\PostProcess\OpenGL\PostProcessOpenGL.h">
      <Filter>Header Files\PostProcess\OpenGL</Filter>
    </ClInclude>
    <ClInclude Include="..\Common\TCMRenderer\PostProcess\PostProcess.h">
      <Filter>Header Files\PostProcess</Filter>
    </ClInclude>
    <ClInclude Include="..\Common\TCMRenderer\RHI\OpenGL\OpenGLLibs.h">
      <Filter>Header Files\RHI\OpenGL</Filter>
    </ClInclude>
    <ClInclude Include="..\Common\TCMRenderer\RHI\OpenGL\RenderDataOpenGL.h">
      <Filter>Header Files\RHI\OpenGL</Filter>
    </ClInclude>
    <ClInclude Include="..\Common\TCMRenderer\RHI\OpenGL\RendererOpenGL.h">
      <Filter>Header Files\RHI\OpenGL</Filter>
    </ClInclude>
    <ClInclude Include="..\Common\TCMRenderer\RHI\OpenGL\ShaderOpenGL.h">
      <Filter>Header Files\RHI\OpenGL</Filter>
    </ClInclude>
  </ItemGroup>
  <ItemGroup>
    <ClCompile Include="PostProcess.cpp">
      <Filter>Source Files\PostProcess</Filter>
    </ClCompile>
    <ClCompile Include="RenderData.cpp">
      <Filter>Source Files\RHI\Generic</Filter>
    </ClCompile>
    <ClCompile Include="AbstractRenderer.cpp">
      <Filter>Source Files\RHI\Generic</Filter>
    </ClCompile>
    <ClCompile Include="ShaderOpenGL.cpp">
      <Filter>Source Files\RHI\OpenGL</Filter>
    </ClCompile>
    <ClCompile Include="RendererOpenGL.cpp">
      <Filter>Source Files\RHI\OpenGL</Filter>
    </ClCompile>
    <ClCompile Include="RenderDataOpenGL.cpp">
      <Filter>Source Files\RHI\OpenGL</Filter>
    </ClCompile>
    <ClCompile Include="PostProcessOpenGL.cpp">
      <Filter>Source Files\PostProcess\OpenGL</Filter>
    </ClCompile>
    <ClCompile Include="CameraData.cpp">
      <Filter>Source Files\Camera</Filter>
    </ClCompile>
    <ClCompile Include="CameraManager.cpp">
      <Filter>Source Files\Camera</Filter>
    </ClCompile>
    <ClCompile Include="Gizmo.cpp">
      <Filter>Source Files\Gizmo</Filter>
    </ClCompile>
    <ClCompile Include="GizmoPoint.cpp">
      <Filter>Source Files\Gizmo</Filter>
    </ClCompile>
    <ClCompile Include="GizmoLine.cpp">
      <Filter>Source Files\Gizmo</Filter>
    </ClCompile>
    <ClCompile Include="RendererFactory.cpp">
      <Filter>Source Files\Rendering</Filter>
    </ClCompile>
    <ClCompile Include="RenderGraph.cpp">
      <Filter>Source Files\Rendering</Filter>
    </ClCompile>
    <ClCompile Include="dllmain.cpp">
      <Filter>MISC</Filter>
    </ClCompile>
    <ClCompile Include="stdafx.cpp">
      <Filter>MISC</Filter>
    </ClCompile>
  </ItemGroup>
  <ItemGroup>
    <None Include="..\Common\TCMRenderer\base.frag">
      <Filter>Resource Files</Filter>
    </None>
    <None Include="..\Common\TCMRenderer\base.vert">
      <Filter>Resource Files</Filter>
    </None>
    <None Include="..\Common\TCMRenderer\complex.frag">
      <Filter>Resource Files</Filter>
    </None>
    <None Include="..\Common\TCMRenderer\refract.frag">
      <Filter>Resource Files</Filter>
    </None>
    <None Include="..\Common\TCMRenderer\refract.vert">
      <Filter>Resource Files</Filter>
    </None>
    <None Include="..\Common\TCMRenderer\simple.frag">
      <Filter>Resource Files</Filter>
    </None>
    <None Include="..\Common\TCMRenderer\skybox.frag">
      <Filter>Resource Files</Filter>
    </None>
    <None Include="..\Common\TCMRenderer\skybox.vert">
      <Filter>Resource Files</Filter>
    </None>
    <None Include="..\Common\TCMRenderer\bloom.frag">
      <Filter>Resource Files</Filter>
    </None>
    <None Include="..\Common\TCMRenderer\hdr.frag">
      <Filter>Resource Files</Filter>
    </None>
    <None Include="..\Common\TCMRenderer\hdr.vert">
      <Filter>Resource Files</Filter>
    </None>
    <None Include="..\Common\TCMRenderer\bloom.vert">
      <Filter>Resource Files</Filter>
    </None>
    <None Include="..\Common\TCMRenderer\blur.frag">
      <Filter>Resource Files</Filter>
    </None>
    <None Include="..\Common\TCMRenderer\blur.vert">
      <Filter>Resource Files</Filter>
    </None>
  </ItemGroup>
  <ItemGroup>
    <Text Include="ReadMe.txt">
      <Filter>MISC</Filter>
    </Text>
  </ItemGroup>
</Project>