
Microsoft Visual Studio Solution File, Format Version 12.00
# Visual Studio 15
VisualStudioVersion = 15.0.27130.2010
MinimumVisualStudioVersion = 10.0.40219.1
Project("{8BC9CEB8-8B4A-11D0-8D11-00A0C91BC942}") = "EngineClasses", "EngineClasses\EngineClasses.vcxproj", "{3766A30C-8B88-4945-B648-22288C8A6E91}"
	ProjectSection(ProjectDependencies) = postProject
		{9972580C-A728-496A-8A83-F171640CEA1A} = {9972580C-A728-496A-8A83-F171640CEA1A}
		{21A13F1A-F2CC-435F-96E6-4736FF4CC86A} = {21A13F1A-F2CC-435F-96E6-4736FF4CC86A}
		{889C7E1C-7F5A-4AC6-980A-4484A8579F12} = {889C7E1C-7F5A-4AC6-980A-4484A8579F12}
		{D77FFA2A-0E37-4F5E-8CF5-A53318890D44} = {D77FFA2A-0E37-4F5E-8CF5-A53318890D44}
		{645CA040-92BC-49CA-AF6F-B041E4D980D3} = {645CA040-92BC-49CA-AF6F-B041E4D980D3}
		{37B82C69-8CB2-41B7-8825-64107E896BFD} = {37B82C69-8CB2-41B7-8825-64107E896BFD}
		{E6719470-B00D-411C-AE9F-CC668E0989E2} = {E6719470-B00D-411C-AE9F-CC668E0989E2}
		{6BB21ECD-753C-4426-9143-A5E2BFEF0283} = {6BB21ECD-753C-4426-9143-A5E2BFEF0283}
		{4D32CCD8-596A-473F-862E-2B3D86BF5622} = {4D32CCD8-596A-473F-862E-2B3D86BF5622}
	EndProjectSection
EndProject
Project("{8BC9CEB8-8B4A-11D0-8D11-00A0C91BC942}") = "EditorGUI", "EditorGUI\EditorGUI.vcxproj", "{B12702AD-ABFB-343A-A199-8E24837244A3}"
	ProjectSection(ProjectDependencies) = postProject
		{9972580C-A728-496A-8A83-F171640CEA1A} = {9972580C-A728-496A-8A83-F171640CEA1A}
		{3766A30C-8B88-4945-B648-22288C8A6E91} = {3766A30C-8B88-4945-B648-22288C8A6E91}
		{21A13F1A-F2CC-435F-96E6-4736FF4CC86A} = {21A13F1A-F2CC-435F-96E6-4736FF4CC86A}
		{889C7E1C-7F5A-4AC6-980A-4484A8579F12} = {889C7E1C-7F5A-4AC6-980A-4484A8579F12}
		{645CA040-92BC-49CA-AF6F-B041E4D980D3} = {645CA040-92BC-49CA-AF6F-B041E4D980D3}
		{D0664854-C09B-484C-8828-194461F1318D} = {D0664854-C09B-484C-8828-194461F1318D}
		{37B82C69-8CB2-41B7-8825-64107E896BFD} = {37B82C69-8CB2-41B7-8825-64107E896BFD}
		{E6719470-B00D-411C-AE9F-CC668E0989E2} = {E6719470-B00D-411C-AE9F-CC668E0989E2}
		{962E268C-BA3E-4C63-A7C8-378A9BAB83B0} = {962E268C-BA3E-4C63-A7C8-378A9BAB83B0}
		{6BB21ECD-753C-4426-9143-A5E2BFEF0283} = {6BB21ECD-753C-4426-9143-A5E2BFEF0283}
		{57B450D3-28E9-4143-A03A-0BAE400CB738} = {57B450D3-28E9-4143-A03A-0BAE400CB738}
	EndProjectSection
EndProject
Project("{8BC9CEB8-8B4A-11D0-8D11-00A0C91BC942}") = "MathLib", "MathLib\MathLib.vcxproj", "{E6719470-B00D-411C-AE9F-CC668E0989E2}"
EndProject
Project("{8BC9CEB8-8B4A-11D0-8D11-00A0C91BC942}") = "TCMCore", "TCMCore\TCMCore.vcxproj", "{D0664854-C09B-484C-8828-194461F1318D}"
	ProjectSection(ProjectDependencies) = postProject
		{9972580C-A728-496A-8A83-F171640CEA1A} = {9972580C-A728-496A-8A83-F171640CEA1A}
		{3766A30C-8B88-4945-B648-22288C8A6E91} = {3766A30C-8B88-4945-B648-22288C8A6E91}
		{5A33AC19-814C-467F-B5E4-92F84E2C98F6} = {5A33AC19-814C-467F-B5E4-92F84E2C98F6}
		{21A13F1A-F2CC-435F-96E6-4736FF4CC86A} = {21A13F1A-F2CC-435F-96E6-4736FF4CC86A}
		{889C7E1C-7F5A-4AC6-980A-4484A8579F12} = {889C7E1C-7F5A-4AC6-980A-4484A8579F12}
		{C3432224-9CFC-4C14-9D08-8168AF3470C0} = {C3432224-9CFC-4C14-9D08-8168AF3470C0}
		{D77FFA2A-0E37-4F5E-8CF5-A53318890D44} = {D77FFA2A-0E37-4F5E-8CF5-A53318890D44}
		{645CA040-92BC-49CA-AF6F-B041E4D980D3} = {645CA040-92BC-49CA-AF6F-B041E4D980D3}
		{37B82C69-8CB2-41B7-8825-64107E896BFD} = {37B82C69-8CB2-41B7-8825-64107E896BFD}
		{E6719470-B00D-411C-AE9F-CC668E0989E2} = {E6719470-B00D-411C-AE9F-CC668E0989E2}
		{962E268C-BA3E-4C63-A7C8-378A9BAB83B0} = {962E268C-BA3E-4C63-A7C8-378A9BAB83B0}
		{CFAA27B0-59E9-493D-B955-1C02B86C836D} = {CFAA27B0-59E9-493D-B955-1C02B86C836D}
		{6BB21ECD-753C-4426-9143-A5E2BFEF0283} = {6BB21ECD-753C-4426-9143-A5E2BFEF0283}
		{57B450D3-28E9-4143-A03A-0BAE400CB738} = {57B450D3-28E9-4143-A03A-0BAE400CB738}
		{4D32CCD8-596A-473F-862E-2B3D86BF5622} = {4D32CCD8-596A-473F-862E-2B3D86BF5622}
	EndProjectSection
EndProject
Project("{8BC9CEB8-8B4A-11D0-8D11-00A0C91BC942}") = "TCMRenderer", "TCMRenderer\TCMRenderer.vcxproj", "{D77FFA2A-0E37-4F5E-8CF5-A53318890D44}"
	ProjectSection(ProjectDependencies) = postProject
		{645CA040-92BC-49CA-AF6F-B041E4D980D3} = {645CA040-92BC-49CA-AF6F-B041E4D980D3}
		{E6719470-B00D-411C-AE9F-CC668E0989E2} = {E6719470-B00D-411C-AE9F-CC668E0989E2}
	EndProjectSection
EndProject
Project("{8BC9CEB8-8B4A-11D0-8D11-00A0C91BC942}") = "GraphicalInterface", "GraphicalInterface\GraphicalInterface.vcxproj", "{C188021E-E0F2-4D13-ABBD-355B48805980}"
	ProjectSection(ProjectDependencies) = postProject
		{D0664854-C09B-484C-8828-194461F1318D} = {D0664854-C09B-484C-8828-194461F1318D}
	EndProjectSection
EndProject
Project("{8BC9CEB8-8B4A-11D0-8D11-00A0C91BC942}") = "ObjectLoader", "ObjectLoader\ObjectLoader.vcxproj", "{962E268C-BA3E-4C63-A7C8-378A9BAB83B0}"
	ProjectSection(ProjectDependencies) = postProject
		{889C7E1C-7F5A-4AC6-980A-4484A8579F12} = {889C7E1C-7F5A-4AC6-980A-4484A8579F12}
		{D77FFA2A-0E37-4F5E-8CF5-A53318890D44} = {D77FFA2A-0E37-4F5E-8CF5-A53318890D44}
		{645CA040-92BC-49CA-AF6F-B041E4D980D3} = {645CA040-92BC-49CA-AF6F-B041E4D980D3}
		{E6719470-B00D-411C-AE9F-CC668E0989E2} = {E6719470-B00D-411C-AE9F-CC668E0989E2}
	EndProjectSection
EndProject
Project("{8BC9CEB8-8B4A-11D0-8D11-00A0C91BC942}") = "TCMLogger", "TCMLogger\TCMLogger.vcxproj", "{645CA040-92BC-49CA-AF6F-B041E4D980D3}"
EndProject
Project("{8BC9CEB8-8B4A-11D0-8D11-00A0C91BC942}") = "TCMInputManager", "TCMInputManager\TCMInputManager.vcxproj", "{6BB21ECD-753C-4426-9143-A5E2BFEF0283}"
	ProjectSection(ProjectDependencies) = postProject
		{645CA040-92BC-49CA-AF6F-B041E4D980D3} = {645CA040-92BC-49CA-AF6F-B041E4D980D3}
		{E6719470-B00D-411C-AE9F-CC668E0989E2} = {E6719470-B00D-411C-AE9F-CC668E0989E2}
		{CFAA27B0-59E9-493D-B955-1C02B86C836D} = {CFAA27B0-59E9-493D-B955-1C02B86C836D}
		{57B450D3-28E9-4143-A03A-0BAE400CB738} = {57B450D3-28E9-4143-A03A-0BAE400CB738}
	EndProjectSection
EndProject
Project("{8BC9CEB8-8B4A-11D0-8D11-00A0C91BC942}") = "TCMResourceManager", "TCMResourceManager\TCMResourceManager.vcxproj", "{37B82C69-8CB2-41B7-8825-64107E896BFD}"
	ProjectSection(ProjectDependencies) = postProject
		{D77FFA2A-0E37-4F5E-8CF5-A53318890D44} = {D77FFA2A-0E37-4F5E-8CF5-A53318890D44}
		{645CA040-92BC-49CA-AF6F-B041E4D980D3} = {645CA040-92BC-49CA-AF6F-B041E4D980D3}
		{E6719470-B00D-411C-AE9F-CC668E0989E2} = {E6719470-B00D-411C-AE9F-CC668E0989E2}
		{962E268C-BA3E-4C63-A7C8-378A9BAB83B0} = {962E268C-BA3E-4C63-A7C8-378A9BAB83B0}
	EndProjectSection
EndProject
Project("{8BC9CEB8-8B4A-11D0-8D11-00A0C91BC942}") = "TCMTime", "TCMTime\TCMTime.vcxproj", "{9972580C-A728-496A-8A83-F171640CEA1A}"
	ProjectSection(ProjectDependencies) = postProject
		{645CA040-92BC-49CA-AF6F-B041E4D980D3} = {645CA040-92BC-49CA-AF6F-B041E4D980D3}
	EndProjectSection
EndProject
Project("{8BC9CEB8-8B4A-11D0-8D11-00A0C91BC942}") = "TCMPhysicEngine", "TCMPhysicEngine\TCMPhysicEngine.vcxproj", "{21A13F1A-F2CC-435F-96E6-4736FF4CC86A}"
	ProjectSection(ProjectDependencies) = postProject
		{9972580C-A728-496A-8A83-F171640CEA1A} = {9972580C-A728-496A-8A83-F171640CEA1A}
		{D77FFA2A-0E37-4F5E-8CF5-A53318890D44} = {D77FFA2A-0E37-4F5E-8CF5-A53318890D44}
		{645CA040-92BC-49CA-AF6F-B041E4D980D3} = {645CA040-92BC-49CA-AF6F-B041E4D980D3}
		{E6719470-B00D-411C-AE9F-CC668E0989E2} = {E6719470-B00D-411C-AE9F-CC668E0989E2}
		{6BB21ECD-753C-4426-9143-A5E2BFEF0283} = {6BB21ECD-753C-4426-9143-A5E2BFEF0283}
	EndProjectSection
EndProject
Project("{8BC9CEB8-8B4A-11D0-8D11-00A0C91BC942}") = "TCMMemory", "TCMMemory\TCMMemory.vcxproj", "{889C7E1C-7F5A-4AC6-980A-4484A8579F12}"
	ProjectSection(ProjectDependencies) = postProject
		{645CA040-92BC-49CA-AF6F-B041E4D980D3} = {645CA040-92BC-49CA-AF6F-B041E4D980D3}
	EndProjectSection
EndProject
Project("{8BC9CEB8-8B4A-11D0-8D11-00A0C91BC942}") = "TCMSaveManager", "TCMSaveManager\TCMSaveManager.vcxproj", "{C3432224-9CFC-4C14-9D08-8168AF3470C0}"
	ProjectSection(ProjectDependencies) = postProject
		{3766A30C-8B88-4945-B648-22288C8A6E91} = {3766A30C-8B88-4945-B648-22288C8A6E91}
		{889C7E1C-7F5A-4AC6-980A-4484A8579F12} = {889C7E1C-7F5A-4AC6-980A-4484A8579F12}
		{645CA040-92BC-49CA-AF6F-B041E4D980D3} = {645CA040-92BC-49CA-AF6F-B041E4D980D3}
		{E6719470-B00D-411C-AE9F-CC668E0989E2} = {E6719470-B00D-411C-AE9F-CC668E0989E2}
	EndProjectSection
EndProject
Project("{8BC9CEB8-8B4A-11D0-8D11-00A0C91BC942}") = "TCMSignalHandler", "TCMSignalHandler\TCMSignalHandler.vcxproj", "{5A33AC19-814C-467F-B5E4-92F84E2C98F6}"
	ProjectSection(ProjectDependencies) = postProject
		{645CA040-92BC-49CA-AF6F-B041E4D980D3} = {645CA040-92BC-49CA-AF6F-B041E4D980D3}
	EndProjectSection
EndProject
Project("{8BC9CEB8-8B4A-11D0-8D11-00A0C91BC942}") = "TCMAudioEngine", "TCMAudioEngine\TCMAudioEngine.vcxproj", "{4D32CCD8-596A-473F-862E-2B3D86BF5622}"
	ProjectSection(ProjectDependencies) = postProject
		{645CA040-92BC-49CA-AF6F-B041E4D980D3} = {645CA040-92BC-49CA-AF6F-B041E4D980D3}
		{E6719470-B00D-411C-AE9F-CC668E0989E2} = {E6719470-B00D-411C-AE9F-CC668E0989E2}
	EndProjectSection
EndProject
Project("{8BC9CEB8-8B4A-11D0-8D11-00A0C91BC942}") = "TCMWindow", "TCMWindow\TCMWindow.vcxproj", "{CFAA27B0-59E9-493D-B955-1C02B86C836D}"
	ProjectSection(ProjectDependencies) = postProject
		{D77FFA2A-0E37-4F5E-8CF5-A53318890D44} = {D77FFA2A-0E37-4F5E-8CF5-A53318890D44}
		{645CA040-92BC-49CA-AF6F-B041E4D980D3} = {645CA040-92BC-49CA-AF6F-B041E4D980D3}
	EndProjectSection
EndProject
Project("{8BC9CEB8-8B4A-11D0-8D11-00A0C91BC942}") = "TCMNativeWindow", "TCMNativeWindow\TCMNativeWindow.vcxproj", "{57B450D3-28E9-4143-A03A-0BAE400CB738}"
	ProjectSection(ProjectDependencies) = postProject
		{645CA040-92BC-49CA-AF6F-B041E4D980D3} = {645CA040-92BC-49CA-AF6F-B041E4D980D3}
	EndProjectSection
EndProject
Global
	GlobalSection(SolutionConfigurationPlatforms) = preSolution
		Debug_OpenGL|x64 = Debug_OpenGL|x64
		Debug_OpenGL|x86 = Debug_OpenGL|x86
		Debug|x64 = Debug|x64
		Debug|x86 = Debug|x86
		Release_OpenGL|x64 = Release_OpenGL|x64
		Release_OpenGL|x86 = Release_OpenGL|x86
		Release|x64 = Release|x64
		Release|x86 = Release|x86
	EndGlobalSection
	GlobalSection(ProjectConfigurationPlatforms) = postSolution
		{3766A30C-8B88-4945-B648-22288C8A6E91}.Debug_OpenGL|x64.ActiveCfg = Debug|x64
		{3766A30C-8B88-4945-B648-22288C8A6E91}.Debug_OpenGL|x64.Build.0 = Debug|x64
		{3766A30C-8B88-4945-B648-22288C8A6E91}.Debug_OpenGL|x86.ActiveCfg = Debug_OpenGL|x64
		{3766A30C-8B88-4945-B648-22288C8A6E91}.Debug|x64.ActiveCfg = Debug|x64
		{3766A30C-8B88-4945-B648-22288C8A6E91}.Debug|x64.Build.0 = Debug|x64
		{3766A30C-8B88-4945-B648-22288C8A6E91}.Debug|x86.ActiveCfg = Debug|Win32
		{3766A30C-8B88-4945-B648-22288C8A6E91}.Debug|x86.Build.0 = Debug|Win32
		{3766A30C-8B88-4945-B648-22288C8A6E91}.Release_OpenGL|x64.ActiveCfg = Release_OpenGL|x64
		{3766A30C-8B88-4945-B648-22288C8A6E91}.Release_OpenGL|x64.Build.0 = Release_OpenGL|x64
		{3766A30C-8B88-4945-B648-22288C8A6E91}.Release_OpenGL|x86.ActiveCfg = Release_OpenGL|Win32
		{3766A30C-8B88-4945-B648-22288C8A6E91}.Release_OpenGL|x86.Build.0 = Release_OpenGL|Win32
		{3766A30C-8B88-4945-B648-22288C8A6E91}.Release|x64.ActiveCfg = Release|x64
		{3766A30C-8B88-4945-B648-22288C8A6E91}.Release|x64.Build.0 = Release|x64
		{3766A30C-8B88-4945-B648-22288C8A6E91}.Release|x86.ActiveCfg = Release|Win32
		{3766A30C-8B88-4945-B648-22288C8A6E91}.Release|x86.Build.0 = Release|Win32
		{B12702AD-ABFB-343A-A199-8E24837244A3}.Debug_OpenGL|x64.ActiveCfg = Debug|x64
		{B12702AD-ABFB-343A-A199-8E24837244A3}.Debug_OpenGL|x64.Build.0 = Debug|x64
		{B12702AD-ABFB-343A-A199-8E24837244A3}.Debug_OpenGL|x86.ActiveCfg = Release|x64
		{B12702AD-ABFB-343A-A199-8E24837244A3}.Debug|x64.ActiveCfg = Debug|x64
		{B12702AD-ABFB-343A-A199-8E24837244A3}.Debug|x64.Build.0 = Debug|x64
		{B12702AD-ABFB-343A-A199-8E24837244A3}.Debug|x86.ActiveCfg = Debug|x64
		{B12702AD-ABFB-343A-A199-8E24837244A3}.Release_OpenGL|x64.ActiveCfg = Release_OpenGL|x64
		{B12702AD-ABFB-343A-A199-8E24837244A3}.Release_OpenGL|x64.Build.0 = Release_OpenGL|x64
		{B12702AD-ABFB-343A-A199-8E24837244A3}.Release_OpenGL|x86.ActiveCfg = Release|x64
		{B12702AD-ABFB-343A-A199-8E24837244A3}.Release|x64.ActiveCfg = Release|x64
		{B12702AD-ABFB-343A-A199-8E24837244A3}.Release|x64.Build.0 = Release|x64
		{B12702AD-ABFB-343A-A199-8E24837244A3}.Release|x86.ActiveCfg = Release|x64
		{E6719470-B00D-411C-AE9F-CC668E0989E2}.Debug_OpenGL|x64.ActiveCfg = Debug_OpenGL|x64
		{E6719470-B00D-411C-AE9F-CC668E0989E2}.Debug_OpenGL|x64.Build.0 = Debug_OpenGL|x64
		{E6719470-B00D-411C-AE9F-CC668E0989E2}.Debug_OpenGL|x86.ActiveCfg = Debug_OpenGL|Win32
		{E6719470-B00D-411C-AE9F-CC668E0989E2}.Debug_OpenGL|x86.Build.0 = Debug_OpenGL|Win32
		{E6719470-B00D-411C-AE9F-CC668E0989E2}.Debug|x64.ActiveCfg = Debug|x64
		{E6719470-B00D-411C-AE9F-CC668E0989E2}.Debug|x64.Build.0 = Debug|x64
		{E6719470-B00D-411C-AE9F-CC668E0989E2}.Debug|x86.ActiveCfg = Debug|Win32
		{E6719470-B00D-411C-AE9F-CC668E0989E2}.Debug|x86.Build.0 = Debug|Win32
		{E6719470-B00D-411C-AE9F-CC668E0989E2}.Release_OpenGL|x64.ActiveCfg = Release_OpenGL|x64
		{E6719470-B00D-411C-AE9F-CC668E0989E2}.Release_OpenGL|x64.Build.0 = Release_OpenGL|x64
		{E6719470-B00D-411C-AE9F-CC668E0989E2}.Release_OpenGL|x86.ActiveCfg = Release_OpenGL|Win32
		{E6719470-B00D-411C-AE9F-CC668E0989E2}.Release_OpenGL|x86.Build.0 = Release_OpenGL|Win32
		{E6719470-B00D-411C-AE9F-CC668E0989E2}.Release|x64.ActiveCfg = Release|x64
		{E6719470-B00D-411C-AE9F-CC668E0989E2}.Release|x64.Build.0 = Release|x64
		{E6719470-B00D-411C-AE9F-CC668E0989E2}.Release|x86.ActiveCfg = Release|Win32
		{E6719470-B00D-411C-AE9F-CC668E0989E2}.Release|x86.Build.0 = Release|Win32
		{D0664854-C09B-484C-8828-194461F1318D}.Debug_OpenGL|x64.ActiveCfg = Debug_OpenGL|x64
		{D0664854-C09B-484C-8828-194461F1318D}.Debug_OpenGL|x64.Build.0 = Debug_OpenGL|x64
		{D0664854-C09B-484C-8828-194461F1318D}.Debug_OpenGL|x86.ActiveCfg = Debug_OpenGL|Win32
		{D0664854-C09B-484C-8828-194461F1318D}.Debug_OpenGL|x86.Build.0 = Debug_OpenGL|Win32
		{D0664854-C09B-484C-8828-194461F1318D}.Debug|x64.ActiveCfg = Debug|x64
		{D0664854-C09B-484C-8828-194461F1318D}.Debug|x64.Build.0 = Debug|x64
		{D0664854-C09B-484C-8828-194461F1318D}.Debug|x86.ActiveCfg = Debug|Win32
		{D0664854-C09B-484C-8828-194461F1318D}.Debug|x86.Build.0 = Debug|Win32
		{D0664854-C09B-484C-8828-194461F1318D}.Release_OpenGL|x64.ActiveCfg = Release_OpenGL|x64
		{D0664854-C09B-484C-8828-194461F1318D}.Release_OpenGL|x64.Build.0 = Release_OpenGL|x64
		{D0664854-C09B-484C-8828-194461F1318D}.Release_OpenGL|x86.ActiveCfg = Release_OpenGL|Win32
		{D0664854-C09B-484C-8828-194461F1318D}.Release_OpenGL|x86.Build.0 = Release_OpenGL|Win32
		{D0664854-C09B-484C-8828-194461F1318D}.Release|x64.ActiveCfg = Release|x64
		{D0664854-C09B-484C-8828-194461F1318D}.Release|x64.Build.0 = Release|x64
		{D0664854-C09B-484C-8828-194461F1318D}.Release|x86.ActiveCfg = Release|Win32
		{D0664854-C09B-484C-8828-194461F1318D}.Release|x86.Build.0 = Release|Win32
		{D77FFA2A-0E37-4F5E-8CF5-A53318890D44}.Debug_OpenGL|x64.ActiveCfg = Debug_OpenGL|x64
		{D77FFA2A-0E37-4F5E-8CF5-A53318890D44}.Debug_OpenGL|x64.Build.0 = Debug_OpenGL|x64
		{D77FFA2A-0E37-4F5E-8CF5-A53318890D44}.Debug_OpenGL|x86.ActiveCfg = Debug_OpenGL|Win32
		{D77FFA2A-0E37-4F5E-8CF5-A53318890D44}.Debug_OpenGL|x86.Build.0 = Debug_OpenGL|Win32
		{D77FFA2A-0E37-4F5E-8CF5-A53318890D44}.Debug|x64.ActiveCfg = Debug|x64
		{D77FFA2A-0E37-4F5E-8CF5-A53318890D44}.Debug|x64.Build.0 = Debug|x64
		{D77FFA2A-0E37-4F5E-8CF5-A53318890D44}.Debug|x86.ActiveCfg = Debug|Win32
		{D77FFA2A-0E37-4F5E-8CF5-A53318890D44}.Debug|x86.Build.0 = Debug|Win32
		{D77FFA2A-0E37-4F5E-8CF5-A53318890D44}.Release_OpenGL|x64.ActiveCfg = Release_OpenGL|x64
		{D77FFA2A-0E37-4F5E-8CF5-A53318890D44}.Release_OpenGL|x64.Build.0 = Release_OpenGL|x64
		{D77FFA2A-0E37-4F5E-8CF5-A53318890D44}.Release_OpenGL|x86.ActiveCfg = Release_OpenGL|Win32
		{D77FFA2A-0E37-4F5E-8CF5-A53318890D44}.Release_OpenGL|x86.Build.0 = Release_OpenGL|Win32
		{D77FFA2A-0E37-4F5E-8CF5-A53318890D44}.Release|x64.ActiveCfg = Release|x64
		{D77FFA2A-0E37-4F5E-8CF5-A53318890D44}.Release|x64.Build.0 = Release|x64
		{D77FFA2A-0E37-4F5E-8CF5-A53318890D44}.Release|x86.ActiveCfg = Release|Win32
		{D77FFA2A-0E37-4F5E-8CF5-A53318890D44}.Release|x86.Build.0 = Release|Win32
		{C188021E-E0F2-4D13-ABBD-355B48805980}.Debug_OpenGL|x64.ActiveCfg = Debug|x64
		{C188021E-E0F2-4D13-ABBD-355B48805980}.Debug_OpenGL|x64.Build.0 = Debug|x64
		{C188021E-E0F2-4D13-ABBD-355B48805980}.Debug_OpenGL|x86.ActiveCfg = Debug_OpenGL|x64
		{C188021E-E0F2-4D13-ABBD-355B48805980}.Debug|x64.ActiveCfg = Debug|x64
		{C188021E-E0F2-4D13-ABBD-355B48805980}.Debug|x64.Build.0 = Debug|x64
		{C188021E-E0F2-4D13-ABBD-355B48805980}.Debug|x86.ActiveCfg = Debug|Win32
		{C188021E-E0F2-4D13-ABBD-355B48805980}.Debug|x86.Build.0 = Debug|Win32
		{C188021E-E0F2-4D13-ABBD-355B48805980}.Release_OpenGL|x64.ActiveCfg = Release_OpenGL|x64
		{C188021E-E0F2-4D13-ABBD-355B48805980}.Release_OpenGL|x64.Build.0 = Release_OpenGL|x64
		{C188021E-E0F2-4D13-ABBD-355B48805980}.Release_OpenGL|x86.ActiveCfg = Release_OpenGL|Win32
		{C188021E-E0F2-4D13-ABBD-355B48805980}.Release_OpenGL|x86.Build.0 = Release_OpenGL|Win32
		{C188021E-E0F2-4D13-ABBD-355B48805980}.Release|x64.ActiveCfg = Release|x64
		{C188021E-E0F2-4D13-ABBD-355B48805980}.Release|x64.Build.0 = Release|x64
		{C188021E-E0F2-4D13-ABBD-355B48805980}.Release|x86.ActiveCfg = Release|Win32
		{C188021E-E0F2-4D13-ABBD-355B48805980}.Release|x86.Build.0 = Release|Win32
		{962E268C-BA3E-4C63-A7C8-378A9BAB83B0}.Debug_OpenGL|x64.ActiveCfg = Debug_OpenGL|x64
		{962E268C-BA3E-4C63-A7C8-378A9BAB83B0}.Debug_OpenGL|x64.Build.0 = Debug_OpenGL|x64
		{962E268C-BA3E-4C63-A7C8-378A9BAB83B0}.Debug_OpenGL|x86.ActiveCfg = Debug_OpenGL|Win32
		{962E268C-BA3E-4C63-A7C8-378A9BAB83B0}.Debug_OpenGL|x86.Build.0 = Debug_OpenGL|Win32
		{962E268C-BA3E-4C63-A7C8-378A9BAB83B0}.Debug|x64.ActiveCfg = Debug|x64
		{962E268C-BA3E-4C63-A7C8-378A9BAB83B0}.Debug|x64.Build.0 = Debug|x64
		{962E268C-BA3E-4C63-A7C8-378A9BAB83B0}.Debug|x86.ActiveCfg = Debug|Win32
		{962E268C-BA3E-4C63-A7C8-378A9BAB83B0}.Debug|x86.Build.0 = Debug|Win32
		{962E268C-BA3E-4C63-A7C8-378A9BAB83B0}.Release_OpenGL|x64.ActiveCfg = Release_OpenGL|x64
		{962E268C-BA3E-4C63-A7C8-378A9BAB83B0}.Release_OpenGL|x64.Build.0 = Release_OpenGL|x64
		{962E268C-BA3E-4C63-A7C8-378A9BAB83B0}.Release_OpenGL|x86.ActiveCfg = Release_OpenGL|Win32
		{962E268C-BA3E-4C63-A7C8-378A9BAB83B0}.Release_OpenGL|x86.Build.0 = Release_OpenGL|Win32
		{962E268C-BA3E-4C63-A7C8-378A9BAB83B0}.Release|x64.ActiveCfg = Release|x64
		{962E268C-BA3E-4C63-A7C8-378A9BAB83B0}.Release|x64.Build.0 = Release|x64
		{962E268C-BA3E-4C63-A7C8-378A9BAB83B0}.Release|x86.ActiveCfg = Release|Win32
		{962E268C-BA3E-4C63-A7C8-378A9BAB83B0}.Release|x86.Build.0 = Release|Win32
		{645CA040-92BC-49CA-AF6F-B041E4D980D3}.Debug_OpenGL|x64.ActiveCfg = Debug_OpenGL|x64
		{645CA040-92BC-49CA-AF6F-B041E4D980D3}.Debug_OpenGL|x64.Build.0 = Debug_OpenGL|x64
		{645CA040-92BC-49CA-AF6F-B041E4D980D3}.Debug_OpenGL|x86.ActiveCfg = Debug_OpenGL|Win32
		{645CA040-92BC-49CA-AF6F-B041E4D980D3}.Debug_OpenGL|x86.Build.0 = Debug_OpenGL|Win32
		{645CA040-92BC-49CA-AF6F-B041E4D980D3}.Debug|x64.ActiveCfg = Debug|x64
		{645CA040-92BC-49CA-AF6F-B041E4D980D3}.Debug|x64.Build.0 = Debug|x64
		{645CA040-92BC-49CA-AF6F-B041E4D980D3}.Debug|x86.ActiveCfg = Debug|Win32
		{645CA040-92BC-49CA-AF6F-B041E4D980D3}.Debug|x86.Build.0 = Debug|Win32
		{645CA040-92BC-49CA-AF6F-B041E4D980D3}.Release_OpenGL|x64.ActiveCfg = Release_OpenGL|x64
		{645CA040-92BC-49CA-AF6F-B041E4D980D3}.Release_OpenGL|x64.Build.0 = Release_OpenGL|x64
		{645CA040-92BC-49CA-AF6F-B041E4D980D3}.Release_OpenGL|x86.ActiveCfg = Release_OpenGL|Win32
		{645CA040-92BC-49CA-AF6F-B041E4D980D3}.Release_OpenGL|x86.Build.0 = Release_OpenGL|Win32
		{645CA040-92BC-49CA-AF6F-B041E4D980D3}.Release|x64.ActiveCfg = Release|x64
		{645CA040-92BC-49CA-AF6F-B041E4D980D3}.Release|x64.Build.0 = Release|x64
		{645CA040-92BC-49CA-AF6F-B041E4D980D3}.Release|x86.ActiveCfg = Release|Win32
		{645CA040-92BC-49CA-AF6F-B041E4D980D3}.Release|x86.Build.0 = Release|Win32
		{6BB21ECD-753C-4426-9143-A5E2BFEF0283}.Debug_OpenGL|x64.ActiveCfg = Debug_OpenGL|x64
		{6BB21ECD-753C-4426-9143-A5E2BFEF0283}.Debug_OpenGL|x64.Build.0 = Debug_OpenGL|x64
		{6BB21ECD-753C-4426-9143-A5E2BFEF0283}.Debug_OpenGL|x86.ActiveCfg = Debug_OpenGL|Win32
		{6BB21ECD-753C-4426-9143-A5E2BFEF0283}.Debug_OpenGL|x86.Build.0 = Debug_OpenGL|Win32
		{6BB21ECD-753C-4426-9143-A5E2BFEF0283}.Debug|x64.ActiveCfg = Debug|x64
		{6BB21ECD-753C-4426-9143-A5E2BFEF0283}.Debug|x64.Build.0 = Debug|x64
		{6BB21ECD-753C-4426-9143-A5E2BFEF0283}.Debug|x86.ActiveCfg = Debug|Win32
		{6BB21ECD-753C-4426-9143-A5E2BFEF0283}.Debug|x86.Build.0 = Debug|Win32
		{6BB21ECD-753C-4426-9143-A5E2BFEF0283}.Release_OpenGL|x64.ActiveCfg = Release_OpenGL|x64
		{6BB21ECD-753C-4426-9143-A5E2BFEF0283}.Release_OpenGL|x64.Build.0 = Release_OpenGL|x64
		{6BB21ECD-753C-4426-9143-A5E2BFEF0283}.Release_OpenGL|x86.ActiveCfg = Release_OpenGL|Win32
		{6BB21ECD-753C-4426-9143-A5E2BFEF0283}.Release_OpenGL|x86.Build.0 = Release_OpenGL|Win32
		{6BB21ECD-753C-4426-9143-A5E2BFEF0283}.Release|x64.ActiveCfg = Release|x64
		{6BB21ECD-753C-4426-9143-A5E2BFEF0283}.Release|x64.Build.0 = Release|x64
		{6BB21ECD-753C-4426-9143-A5E2BFEF0283}.Release|x86.ActiveCfg = Release|Win32
		{6BB21ECD-753C-4426-9143-A5E2BFEF0283}.Release|x86.Build.0 = Release|Win32
		{37B82C69-8CB2-41B7-8825-64107E896BFD}.Debug_OpenGL|x64.ActiveCfg = Debug_OpenGL|x64
		{37B82C69-8CB2-41B7-8825-64107E896BFD}.Debug_OpenGL|x64.Build.0 = Debug_OpenGL|x64
		{37B82C69-8CB2-41B7-8825-64107E896BFD}.Debug_OpenGL|x86.ActiveCfg = Debug_OpenGL|Win32
		{37B82C69-8CB2-41B7-8825-64107E896BFD}.Debug_OpenGL|x86.Build.0 = Debug_OpenGL|Win32
		{37B82C69-8CB2-41B7-8825-64107E896BFD}.Debug|x64.ActiveCfg = Debug|x64
		{37B82C69-8CB2-41B7-8825-64107E896BFD}.Debug|x64.Build.0 = Debug|x64
		{37B82C69-8CB2-41B7-8825-64107E896BFD}.Debug|x86.ActiveCfg = Debug|Win32
		{37B82C69-8CB2-41B7-8825-64107E896BFD}.Debug|x86.Build.0 = Debug|Win32
		{37B82C69-8CB2-41B7-8825-64107E896BFD}.Release_OpenGL|x64.ActiveCfg = Release_OpenGL|x64
		{37B82C69-8CB2-41B7-8825-64107E896BFD}.Release_OpenGL|x64.Build.0 = Release_OpenGL|x64
		{37B82C69-8CB2-41B7-8825-64107E896BFD}.Release_OpenGL|x86.ActiveCfg = Release_OpenGL|Win32
		{37B82C69-8CB2-41B7-8825-64107E896BFD}.Release_OpenGL|x86.Build.0 = Release_OpenGL|Win32
		{37B82C69-8CB2-41B7-8825-64107E896BFD}.Release|x64.ActiveCfg = Release|x64
		{37B82C69-8CB2-41B7-8825-64107E896BFD}.Release|x64.Build.0 = Release|x64
		{37B82C69-8CB2-41B7-8825-64107E896BFD}.Release|x86.ActiveCfg = Release|Win32
		{37B82C69-8CB2-41B7-8825-64107E896BFD}.Release|x86.Build.0 = Release|Win32
		{9972580C-A728-496A-8A83-F171640CEA1A}.Debug_OpenGL|x64.ActiveCfg = Debug_OpenGL|x64
		{9972580C-A728-496A-8A83-F171640CEA1A}.Debug_OpenGL|x64.Build.0 = Debug_OpenGL|x64
		{9972580C-A728-496A-8A83-F171640CEA1A}.Debug_OpenGL|x86.ActiveCfg = Debug|Win32
		{9972580C-A728-496A-8A83-F171640CEA1A}.Debug_OpenGL|x86.Build.0 = Debug|Win32
		{9972580C-A728-496A-8A83-F171640CEA1A}.Debug|x64.ActiveCfg = Debug|x64
		{9972580C-A728-496A-8A83-F171640CEA1A}.Debug|x64.Build.0 = Debug|x64
		{9972580C-A728-496A-8A83-F171640CEA1A}.Debug|x86.ActiveCfg = Debug|Win32
		{9972580C-A728-496A-8A83-F171640CEA1A}.Debug|x86.Build.0 = Debug|Win32
		{9972580C-A728-496A-8A83-F171640CEA1A}.Release_OpenGL|x64.ActiveCfg = Release_OpenGL|x64
		{9972580C-A728-496A-8A83-F171640CEA1A}.Release_OpenGL|x64.Build.0 = Release_OpenGL|x64
		{9972580C-A728-496A-8A83-F171640CEA1A}.Release_OpenGL|x86.ActiveCfg = Release_OpenGL|Win32
		{9972580C-A728-496A-8A83-F171640CEA1A}.Release_OpenGL|x86.Build.0 = Release_OpenGL|Win32
		{9972580C-A728-496A-8A83-F171640CEA1A}.Release|x64.ActiveCfg = Release|x64
		{9972580C-A728-496A-8A83-F171640CEA1A}.Release|x64.Build.0 = Release|x64
		{9972580C-A728-496A-8A83-F171640CEA1A}.Release|x86.ActiveCfg = Release|Win32
		{9972580C-A728-496A-8A83-F171640CEA1A}.Release|x86.Build.0 = Release|Win32
		{21A13F1A-F2CC-435F-96E6-4736FF4CC86A}.Debug_OpenGL|x64.ActiveCfg = Debug_OpenGL|x64
		{21A13F1A-F2CC-435F-96E6-4736FF4CC86A}.Debug_OpenGL|x64.Build.0 = Debug_OpenGL|x64
		{21A13F1A-F2CC-435F-96E6-4736FF4CC86A}.Debug_OpenGL|x86.ActiveCfg = Debug|Win32
		{21A13F1A-F2CC-435F-96E6-4736FF4CC86A}.Debug_OpenGL|x86.Build.0 = Debug|Win32
		{21A13F1A-F2CC-435F-96E6-4736FF4CC86A}.Debug|x64.ActiveCfg = Debug|x64
		{21A13F1A-F2CC-435F-96E6-4736FF4CC86A}.Debug|x64.Build.0 = Debug|x64
		{21A13F1A-F2CC-435F-96E6-4736FF4CC86A}.Debug|x86.ActiveCfg = Debug|Win32
		{21A13F1A-F2CC-435F-96E6-4736FF4CC86A}.Debug|x86.Build.0 = Debug|Win32
		{21A13F1A-F2CC-435F-96E6-4736FF4CC86A}.Release_OpenGL|x64.ActiveCfg = Release_OpenGL|x64
		{21A13F1A-F2CC-435F-96E6-4736FF4CC86A}.Release_OpenGL|x64.Build.0 = Release_OpenGL|x64
		{21A13F1A-F2CC-435F-96E6-4736FF4CC86A}.Release_OpenGL|x86.ActiveCfg = Release|Win32
		{21A13F1A-F2CC-435F-96E6-4736FF4CC86A}.Release|x64.ActiveCfg = Release|x64
		{21A13F1A-F2CC-435F-96E6-4736FF4CC86A}.Release|x64.Build.0 = Release|x64
		{21A13F1A-F2CC-435F-96E6-4736FF4CC86A}.Release|x86.ActiveCfg = Release|Win32
		{21A13F1A-F2CC-435F-96E6-4736FF4CC86A}.Release|x86.Build.0 = Release|Win32
		{889C7E1C-7F5A-4AC6-980A-4484A8579F12}.Debug_OpenGL|x64.ActiveCfg = Debug_OpenGL|x64
		{889C7E1C-7F5A-4AC6-980A-4484A8579F12}.Debug_OpenGL|x64.Build.0 = Debug_OpenGL|x64
		{889C7E1C-7F5A-4AC6-980A-4484A8579F12}.Debug_OpenGL|x86.ActiveCfg = Debug|Win32
		{889C7E1C-7F5A-4AC6-980A-4484A8579F12}.Debug_OpenGL|x86.Build.0 = Debug|Win32
		{889C7E1C-7F5A-4AC6-980A-4484A8579F12}.Debug|x64.ActiveCfg = Debug|x64
		{889C7E1C-7F5A-4AC6-980A-4484A8579F12}.Debug|x64.Build.0 = Debug|x64
		{889C7E1C-7F5A-4AC6-980A-4484A8579F12}.Debug|x86.ActiveCfg = Debug|Win32
		{889C7E1C-7F5A-4AC6-980A-4484A8579F12}.Debug|x86.Build.0 = Debug|Win32
		{889C7E1C-7F5A-4AC6-980A-4484A8579F12}.Release_OpenGL|x64.ActiveCfg = Release_OpenGL|x64
		{889C7E1C-7F5A-4AC6-980A-4484A8579F12}.Release_OpenGL|x64.Build.0 = Release_OpenGL|x64
		{889C7E1C-7F5A-4AC6-980A-4484A8579F12}.Release_OpenGL|x86.ActiveCfg = Release|Win32
		{889C7E1C-7F5A-4AC6-980A-4484A8579F12}.Release_OpenGL|x86.Build.0 = Release|Win32
		{889C7E1C-7F5A-4AC6-980A-4484A8579F12}.Release|x64.ActiveCfg = Release|x64
		{889C7E1C-7F5A-4AC6-980A-4484A8579F12}.Release|x64.Build.0 = Release|x64
		{889C7E1C-7F5A-4AC6-980A-4484A8579F12}.Release|x86.ActiveCfg = Release|Win32
		{889C7E1C-7F5A-4AC6-980A-4484A8579F12}.Release|x86.Build.0 = Release|Win32
		{C3432224-9CFC-4C14-9D08-8168AF3470C0}.Debug_OpenGL|x64.ActiveCfg = Debug_OpenGL|x64
		{C3432224-9CFC-4C14-9D08-8168AF3470C0}.Debug_OpenGL|x64.Build.0 = Debug_OpenGL|x64
		{C3432224-9CFC-4C14-9D08-8168AF3470C0}.Debug_OpenGL|x86.ActiveCfg = Debug_OpenGL|x64
		{C3432224-9CFC-4C14-9D08-8168AF3470C0}.Debug|x64.ActiveCfg = Debug|x64
		{C3432224-9CFC-4C14-9D08-8168AF3470C0}.Debug|x64.Build.0 = Debug|x64
		{C3432224-9CFC-4C14-9D08-8168AF3470C0}.Debug|x86.ActiveCfg = Debug|x64
		{C3432224-9CFC-4C14-9D08-8168AF3470C0}.Release_OpenGL|x64.ActiveCfg = Release_OpenGL|x64
		{C3432224-9CFC-4C14-9D08-8168AF3470C0}.Release_OpenGL|x64.Build.0 = Release_OpenGL|x64
		{C3432224-9CFC-4C14-9D08-8168AF3470C0}.Release_OpenGL|x86.ActiveCfg = Release_OpenGL|x64
		{C3432224-9CFC-4C14-9D08-8168AF3470C0}.Release|x64.ActiveCfg = Release|x64
		{C3432224-9CFC-4C14-9D08-8168AF3470C0}.Release|x64.Build.0 = Release|x64
		{C3432224-9CFC-4C14-9D08-8168AF3470C0}.Release|x86.ActiveCfg = Release|x64
		{5A33AC19-814C-467F-B5E4-92F84E2C98F6}.Debug_OpenGL|x64.ActiveCfg = Debug_OpenGL|x64
		{5A33AC19-814C-467F-B5E4-92F84E2C98F6}.Debug_OpenGL|x64.Build.0 = Debug_OpenGL|x64
		{5A33AC19-814C-467F-B5E4-92F84E2C98F6}.Debug_OpenGL|x86.ActiveCfg = Debug|Win32
		{5A33AC19-814C-467F-B5E4-92F84E2C98F6}.Debug_OpenGL|x86.Build.0 = Debug|Win32
		{5A33AC19-814C-467F-B5E4-92F84E2C98F6}.Debug|x64.ActiveCfg = Debug|x64
		{5A33AC19-814C-467F-B5E4-92F84E2C98F6}.Debug|x64.Build.0 = Debug|x64
		{5A33AC19-814C-467F-B5E4-92F84E2C98F6}.Debug|x86.ActiveCfg = Debug|Win32
		{5A33AC19-814C-467F-B5E4-92F84E2C98F6}.Debug|x86.Build.0 = Debug|Win32
		{5A33AC19-814C-467F-B5E4-92F84E2C98F6}.Release_OpenGL|x64.ActiveCfg = Release_OpenGL|x64
		{5A33AC19-814C-467F-B5E4-92F84E2C98F6}.Release_OpenGL|x64.Build.0 = Release_OpenGL|x64
		{5A33AC19-814C-467F-B5E4-92F84E2C98F6}.Release_OpenGL|x86.ActiveCfg = Release|Win32
		{5A33AC19-814C-467F-B5E4-92F84E2C98F6}.Release_OpenGL|x86.Build.0 = Release|Win32
		{5A33AC19-814C-467F-B5E4-92F84E2C98F6}.Release|x64.ActiveCfg = Release|x64
		{5A33AC19-814C-467F-B5E4-92F84E2C98F6}.Release|x64.Build.0 = Release|x64
		{5A33AC19-814C-467F-B5E4-92F84E2C98F6}.Release|x86.ActiveCfg = Release|Win32
		{5A33AC19-814C-467F-B5E4-92F84E2C98F6}.Release|x86.Build.0 = Release|Win32
		{4D32CCD8-596A-473F-862E-2B3D86BF5622}.Debug_OpenGL|x64.ActiveCfg = Debug_OpenGL|x64
		{4D32CCD8-596A-473F-862E-2B3D86BF5622}.Debug_OpenGL|x64.Build.0 = Debug_OpenGL|x64
		{4D32CCD8-596A-473F-862E-2B3D86BF5622}.Debug_OpenGL|x86.ActiveCfg = Debug|Win32
		{4D32CCD8-596A-473F-862E-2B3D86BF5622}.Debug_OpenGL|x86.Build.0 = Debug|Win32
		{4D32CCD8-596A-473F-862E-2B3D86BF5622}.Debug|x64.ActiveCfg = Debug|x64
		{4D32CCD8-596A-473F-862E-2B3D86BF5622}.Debug|x64.Build.0 = Debug|x64
		{4D32CCD8-596A-473F-862E-2B3D86BF5622}.Debug|x86.ActiveCfg = Debug|Win32
		{4D32CCD8-596A-473F-862E-2B3D86BF5622}.Debug|x86.Build.0 = Debug|Win32
		{4D32CCD8-596A-473F-862E-2B3D86BF5622}.Release_OpenGL|x64.ActiveCfg = Release_OpenGL|x64
		{4D32CCD8-596A-473F-862E-2B3D86BF5622}.Release_OpenGL|x64.Build.0 = Release_OpenGL|x64
		{4D32CCD8-596A-473F-862E-2B3D86BF5622}.Release_OpenGL|x86.ActiveCfg = Release|Win32
		{4D32CCD8-596A-473F-862E-2B3D86BF5622}.Release_OpenGL|x86.Build.0 = Release|Win32
		{4D32CCD8-596A-473F-862E-2B3D86BF5622}.Release|x64.ActiveCfg = Release|x64
		{4D32CCD8-596A-473F-862E-2B3D86BF5622}.Release|x64.Build.0 = Release|x64
		{4D32CCD8-596A-473F-862E-2B3D86BF5622}.Release|x86.ActiveCfg = Release|Win32
		{4D32CCD8-596A-473F-862E-2B3D86BF5622}.Release|x86.Build.0 = Release|Win32
		{CFAA27B0-59E9-493D-B955-1C02B86C836D}.Debug_OpenGL|x64.ActiveCfg = Debug_OpenGL|x64
		{CFAA27B0-59E9-493D-B955-1C02B86C836D}.Debug_OpenGL|x64.Build.0 = Debug_OpenGL|x64
		{CFAA27B0-59E9-493D-B955-1C02B86C836D}.Debug_OpenGL|x86.ActiveCfg = Release|x64
		{CFAA27B0-59E9-493D-B955-1C02B86C836D}.Debug_OpenGL|x86.Build.0 = Release|x64
		{CFAA27B0-59E9-493D-B955-1C02B86C836D}.Debug|x64.ActiveCfg = Debug|x64
		{CFAA27B0-59E9-493D-B955-1C02B86C836D}.Debug|x64.Build.0 = Debug|x64
		{CFAA27B0-59E9-493D-B955-1C02B86C836D}.Debug|x86.ActiveCfg = Debug|x64
		{CFAA27B0-59E9-493D-B955-1C02B86C836D}.Release_OpenGL|x64.ActiveCfg = Release_OpenGL|x64
		{CFAA27B0-59E9-493D-B955-1C02B86C836D}.Release_OpenGL|x64.Build.0 = Release_OpenGL|x64
		{CFAA27B0-59E9-493D-B955-1C02B86C836D}.Release_OpenGL|x86.ActiveCfg = Release|x64
		{CFAA27B0-59E9-493D-B955-1C02B86C836D}.Release_OpenGL|x86.Build.0 = Release|x64
		{CFAA27B0-59E9-493D-B955-1C02B86C836D}.Release|x64.ActiveCfg = Release|x64
		{CFAA27B0-59E9-493D-B955-1C02B86C836D}.Release|x64.Build.0 = Release|x64
		{CFAA27B0-59E9-493D-B955-1C02B86C836D}.Release|x86.ActiveCfg = Release|x64
		{57B450D3-28E9-4143-A03A-0BAE400CB738}.Debug_OpenGL|x64.ActiveCfg = Debug_OpenGL|x64
		{57B450D3-28E9-4143-A03A-0BAE400CB738}.Debug_OpenGL|x64.Build.0 = Debug_OpenGL|x64
		{57B450D3-28E9-4143-A03A-0BAE400CB738}.Debug_OpenGL|x86.ActiveCfg = Debug|Win32
		{57B450D3-28E9-4143-A03A-0BAE400CB738}.Debug_OpenGL|x86.Build.0 = Debug|Win32
		{57B450D3-28E9-4143-A03A-0BAE400CB738}.Debug|x64.ActiveCfg = Debug|x64
		{57B450D3-28E9-4143-A03A-0BAE400CB738}.Debug|x64.Build.0 = Debug|x64
		{57B450D3-28E9-4143-A03A-0BAE400CB738}.Debug|x86.ActiveCfg = Debug|Win32
		{57B450D3-28E9-4143-A03A-0BAE400CB738}.Debug|x86.Build.0 = Debug|Win32
		{57B450D3-28E9-4143-A03A-0BAE400CB738}.Release_OpenGL|x64.ActiveCfg = Release_OpenGL|x64
		{57B450D3-28E9-4143-A03A-0BAE400CB738}.Release_OpenGL|x64.Build.0 = Release_OpenGL|x64
		{57B450D3-28E9-4143-A03A-0BAE400CB738}.Release_OpenGL|x86.ActiveCfg = Release|Win32
		{57B450D3-28E9-4143-A03A-0BAE400CB738}.Release_OpenGL|x86.Build.0 = Release|Win32
		{57B450D3-28E9-4143-A03A-0BAE400CB738}.Release|x64.ActiveCfg = Release|x64
		{57B450D3-28E9-4143-A03A-0BAE400CB738}.Release|x64.Build.0 = Release|x64
		{57B450D3-28E9-4143-A03A-0BAE400CB738}.Release|x86.ActiveCfg = Release|Win32
		{57B450D3-28E9-4143-A03A-0BAE400CB738}.Release|x86.Build.0 = Release|Win32
	EndGlobalSection
	GlobalSection(SolutionProperties) = preSolution
		HideSolutionNode = FALSE
	EndGlobalSection
	GlobalSection(ExtensibilityGlobals) = postSolution
		Qt5Version = 5.9.2
		SolutionGuid = {4F73122D-B722-4775-B3A4-9BB0A7DA8F3E}
	EndGlobalSection
EndGlobal
