<?xml version="1.0" encoding="utf-8"?>
<Project ToolsVersion="4.0" xmlns="http://schemas.microsoft.com/developer/msbuild/2003">
  <ItemGroup>
    <Filter Include="Source Files">
      <UniqueIdentifier>{4FC737F1-C7A5-4376-A066-2A32D752A2FF}</UniqueIdentifier>
      <Extensions>cpp;c;cc;cxx;def;odl;idl;hpj;bat;asm;asmx</Extensions>
    </Filter>
    <Filter Include="Header Files">
      <UniqueIdentifier>{93995380-89BD-4b04-88EB-625FBE52EBFB}</UniqueIdentifier>
      <Extensions>h;hh;hpp;hxx;hm;inl;inc;xsd</Extensions>
    </Filter>
    <Filter Include="Resource Files">
      <UniqueIdentifier>{D9D6E242-F8AF-46E4-B9FD-80ECBC20BA3E}</UniqueIdentifier>
      <Extensions>qrc;*</Extensions>
      <ParseFiles>false</ParseFiles>
    </Filter>
    <Filter Include="Form Files">
      <UniqueIdentifier>{99349809-55BA-4b9d-BF79-8FDBB0286EB3}</UniqueIdentifier>
      <Extensions>ui</Extensions>
    </Filter>
    <Filter Include="Resource Files">
      <UniqueIdentifier>{D9D6E242-F8AF-46E4-B9FD-80ECBC20BA3E}</UniqueIdentifier>
      <Extensions>qrc;*</Extensions>
      <ParseFiles>false</ParseFiles>
    </Filter>
    <Filter Include="Generated Files">
      <UniqueIdentifier>{71ED8ED8-ACB9-4CE9-BBE1-E00B30144E11}</UniqueIdentifier>
      <Extensions>moc;h;cpp</Extensions>
      <SourceControlFiles>False</SourceControlFiles>
    </Filter>
    <Filter Include="Generated Files\Debug">
      <UniqueIdentifier>{7417af9f-1700-4683-88bb-ad60c21784fa}</UniqueIdentifier>
      <Extensions>cpp;moc</Extensions>
      <SourceControlFiles>False</SourceControlFiles>
    </Filter>
    <Filter Include="Generated Files\Release">
      <UniqueIdentifier>{3279d46d-08ee-4005-9660-a002c89b8ec7}</UniqueIdentifier>
      <Extensions>cpp;moc</Extensions>
      <SourceControlFiles>False</SourceControlFiles>
    </Filter>
    <Filter Include="Source Files\Components">
      <UniqueIdentifier>{f4e893e6-5513-48b5-b4d1-c10e3838326d}</UniqueIdentifier>
    </Filter>
    <Filter Include="Source Files\Generic">
      <UniqueIdentifier>{b7bb3b2f-a653-4816-bea3-c9a960a7d3b2}</UniqueIdentifier>
    </Filter>
    <Filter Include="Header Files\Generic">
      <UniqueIdentifier>{8ddee124-dae6-41b0-a6a3-b13e9f6c2c95}</UniqueIdentifier>
    </Filter>
    <Filter Include="Header Files\QtEditor">
      <UniqueIdentifier>{adb43979-ad9c-4377-a0ee-12b15d5d5eac}</UniqueIdentifier>
    </Filter>
    <Filter Include="Source Files\QtEditor">
      <UniqueIdentifier>{a49192d5-30c3-45f1-b995-38dce6d5cc50}</UniqueIdentifier>
    </Filter>
    <Filter Include="Header Files\QtEditor\OutDated">
      <UniqueIdentifier>{8e72aa19-dcdc-4bca-843b-95aec9256339}</UniqueIdentifier>
    </Filter>
    <Filter Include="Source Files\QtEditor\OutDated">
      <UniqueIdentifier>{22a7c937-6ec1-4aa1-8ca9-01ae62688c37}</UniqueIdentifier>
    </Filter>
    <Filter Include="Generated Files\Debug_OpenGL">
      <UniqueIdentifier>{0d9b4f64-04ff-4486-8818-e81ac141aebf}</UniqueIdentifier>
      <Extensions>cpp;moc</Extensions>
      <SourceControlFiles>False</SourceControlFiles>
    </Filter>
    <Filter Include="Generated Files\Release_OpenGL">
      <UniqueIdentifier>{5ddb2f50-fe8f-4c57-995c-619d0020ccfe}</UniqueIdentifier>
      <Extensions>cpp;moc</Extensions>
      <SourceControlFiles>False</SourceControlFiles>
    </Filter>
    <Filter Include="Source Files\Generic\VarInspectors">
      <UniqueIdentifier>{4c349c3d-f296-4e65-be94-782b97ce3b03}</UniqueIdentifier>
    </Filter>
    <Filter Include="Header Files\Generic\VarInspectors">
      <UniqueIdentifier>{67a98e94-0ccd-4eff-8922-837b679b9c7f}</UniqueIdentifier>
    </Filter>
    <Filter Include="Source Files\QtEditor\VarInspectors">
      <UniqueIdentifier>{c0521555-f9ee-43d3-96cd-6949a37e2423}</UniqueIdentifier>
    </Filter>
    <Filter Include="Header Files\QtEditor\VarInspectors">
      <UniqueIdentifier>{48e89da8-3f21-480e-9e2e-2d61ca2112f7}</UniqueIdentifier>
    </Filter>
    <Filter Include="Source Files\Generic\VarHelpers">
      <UniqueIdentifier>{1e81ba7c-1948-4c08-93cf-c70faeb8274b}</UniqueIdentifier>
    </Filter>
    <Filter Include="Header Files\Generic\VarHelpers">
      <UniqueIdentifier>{b25d9b89-2384-4e93-989c-6f8908924142}</UniqueIdentifier>
    </Filter>
    <Filter Include="Source Files\Generic\Commands">
      <UniqueIdentifier>{d46c3d8e-778a-4908-900e-815fecb24f72}</UniqueIdentifier>
    </Filter>
    <Filter Include="Header Files\Generic\Commands">
      <UniqueIdentifier>{3c29168c-4e85-473b-809f-a40b62e8a231}</UniqueIdentifier>
    </Filter>
    <Filter Include="Source Files\QtEditor\CustomWidget">
      <UniqueIdentifier>{e03a52fc-ccdd-4aa4-aca2-a8068a268abe}</UniqueIdentifier>
    </Filter>
    <Filter Include="Header Files\QtEditor\CustomWidget">
      <UniqueIdentifier>{20784950-8c89-47a9-a90f-f1c7fc3c28a1}</UniqueIdentifier>
    </Filter>
    <Filter Include="Translation Files">
      <UniqueIdentifier>{639EADAA-A684-42e4-A9AD-28FC9BCB8F7C}</UniqueIdentifier>
      <Extensions>ts</Extensions>
      <ParseFiles>false</ParseFiles>
    </Filter>
  </ItemGroup>
  <ItemGroup>
    <ClCompile Include="PropertyEditorWindow.cpp">
      <Filter>Source Files\QtEditor\OutDated</Filter>
    </ClCompile>
    <ClCompile Include="LauncherQt.cpp">
      <Filter>Source Files\QtEditor</Filter>
    </ClCompile>
    <ClCompile Include="FileExplorerQT.cpp">
      <Filter>Source Files\QtEditor</Filter>
    </ClCompile>
    <ClCompile Include="InspectorQT.cpp">
      <Filter>Source Files\QtEditor</Filter>
    </ClCompile>
    <ClCompile Include="MainWindowQT.cpp">
      <Filter>Source Files\QtEditor</Filter>
    </ClCompile>
    <ClCompile Include="SkyboxEditorQT.cpp">
      <Filter>Source Files\QtEditor</Filter>
    </ClCompile>
    <ClCompile Include="GeneratedFiles\Debug_OpenGL\moc_FileExplorerQT.cpp">
      <Filter>Generated Files\Debug_OpenGL</Filter>
    </ClCompile>
    <ClCompile Include="GeneratedFiles\Debug_OpenGL\moc_InspectorQT.cpp">
      <Filter>Generated Files\Debug_OpenGL</Filter>
    </ClCompile>
    <ClCompile Include="GeneratedFiles\Debug_OpenGL\moc_MainWindowQT.cpp">
      <Filter>Generated Files\Debug_OpenGL</Filter>
    </ClCompile>
    <ClCompile Include="GeneratedFiles\Debug_OpenGL\moc_PropertyEditorWindow.cpp">
      <Filter>Generated Files\Debug_OpenGL</Filter>
    </ClCompile>
    <ClCompile Include="GeneratedFiles\Debug_OpenGL\moc_SkyboxEditorQT.cpp">
      <Filter>Generated Files\Debug_OpenGL</Filter>
    </ClCompile>
    <ClCompile Include="SceneTreeQT.cpp">
      <Filter>Source Files\QtEditor</Filter>
    </ClCompile>
    <ClCompile Include="SceneTreeModelQT.cpp">
      <Filter>Source Files\QtEditor</Filter>
    </ClCompile>
    <ClCompile Include="LoggerViewQT.cpp">
      <Filter>Source Files\QtEditor</Filter>
    </ClCompile>
    <ClCompile Include="EditorComponent.cpp">
      <Filter>Source Files\Generic</Filter>
    </ClCompile>
    <ClCompile Include="FileManager.cpp">
      <Filter>Source Files\Generic</Filter>
    </ClCompile>
    <ClCompile Include="Inspector.cpp">
      <Filter>Source Files\Generic</Filter>
    </ClCompile>
    <ClCompile Include="Launcher.cpp">
      <Filter>Source Files\Generic</Filter>
    </ClCompile>
    <ClCompile Include="LoggerView.cpp">
      <Filter>Source Files\Generic</Filter>
    </ClCompile>
    <ClCompile Include="MainWindow.cpp">
      <Filter>Source Files\Generic</Filter>
    </ClCompile>
    <ClCompile Include="SceneTree.cpp">
      <Filter>Source Files\Generic</Filter>
    </ClCompile>
    <ClCompile Include="SkyboxEditor.cpp">
      <Filter>Source Files\Generic</Filter>
    </ClCompile>
    <ClCompile Include="TagManager.cpp">
      <Filter>Source Files\Generic</Filter>
    </ClCompile>
    <ClCompile Include="VarInspector.cpp">
      <Filter>Source Files\Generic\VarInspectors</Filter>
    </ClCompile>
    <ClCompile Include="main.cpp">
      <Filter>Source Files</Filter>
    </ClCompile>
    <ClCompile Include="VarInspectorFactoryQT.cpp">
      <Filter>Source Files\QtEditor\VarInspectors</Filter>
    </ClCompile>
    <ClCompile Include="BoolInspectorQT.cpp">
      <Filter>Source Files\QtEditor\VarInspectors</Filter>
    </ClCompile>
    <ClCompile Include="FloatInspectorQT.cpp">
      <Filter>Source Files\QtEditor\VarInspectors</Filter>
    </ClCompile>
    <ClCompile Include="IntInspectorQT.cpp">
      <Filter>Source Files\QtEditor\VarInspectors</Filter>
    </ClCompile>
    <ClCompile Include="StringInspectorQT.cpp">
      <Filter>Source Files\QtEditor\VarInspectors</Filter>
    </ClCompile>
    <ClCompile Include="Vec2InspectorQT.cpp">
      <Filter>Source Files\QtEditor\VarInspectors</Filter>
    </ClCompile>
    <ClCompile Include="Vec3InspectorQT.cpp">
      <Filter>Source Files\QtEditor\VarInspectors</Filter>
    </ClCompile>
    <ClCompile Include="Vec4InspectorQT.cpp">
      <Filter>Source Files\QtEditor\VarInspectors</Filter>
    </ClCompile>
    <ClCompile Include="Vec2Helper.cpp">
      <Filter>Source Files\Generic\VarHelpers</Filter>
    </ClCompile>
    <ClCompile Include="Vec3Helper.cpp">
      <Filter>Source Files\Generic\VarHelpers</Filter>
    </ClCompile>
    <ClCompile Include="Vec4Helper.cpp">
      <Filter>Source Files\Generic\VarHelpers</Filter>
    </ClCompile>
    <ClCompile Include="VarInspectorFactory.cpp">
      <Filter>Source Files\Generic\VarInspectors</Filter>
    </ClCompile>
    <ClCompile Include="ComponentInsertion.cpp">
      <Filter>Source Files\Generic</Filter>
    </ClCompile>
    <ClCompile Include="ComponentInsertionQT.cpp">
      <Filter>Source Files\QtEditor</Filter>
    </ClCompile>
    <ClCompile Include="VarInspectorQT.cpp">
      <Filter>Source Files\QtEditor\VarInspectors</Filter>
    </ClCompile>
    <ClCompile Include="ComponentInspectorQT.cpp">
      <Filter>Source Files\QtEditor</Filter>
    </ClCompile>
    <ClCompile Include="BaseInspector.cpp">
      <Filter>Source Files\Generic\VarInspectors</Filter>
    </ClCompile>
    <ClCompile Include="ComponentInspector.cpp">
      <Filter>Source Files\Generic\VarInspectors</Filter>
    </ClCompile>
    <ClCompile Include="BaseInspectorQT.cpp">
      <Filter>Source Files\QtEditor\VarInspectors</Filter>
    </ClCompile>
    <ClCompile Include="ColorRGBAInspectorQT.cpp">
      <Filter>Source Files\QtEditor\VarInspectors</Filter>
    </ClCompile>
    <ClCompile Include="ColorRGBInspectorQT.cpp">
      <Filter>Source Files\QtEditor\VarInspectors</Filter>
    </ClCompile>
    <ClCompile Include="WidgetTree.cpp">
      <Filter>Source Files\QtEditor</Filter>
    </ClCompile>
    <ClCompile Include="ObjectInsertion.cpp">
      <Filter>Source Files\Generic</Filter>
    </ClCompile>
    <ClCompile Include="ObjectInsertionQT.cpp">
      <Filter>Source Files\QtEditor</Filter>
    </ClCompile>
    <ClCompile Include="ProjectEditorQT.cpp">
      <Filter>Source Files\QtEditor</Filter>
    </ClCompile>
    <ClCompile Include="EditorCommandManager.cpp">
      <Filter>Source Files\Generic\Commands</Filter>
    </ClCompile>
    <ClCompile Include="ObjectDeleteCommand.cpp">
      <Filter>Source Files\Generic\Commands</Filter>
    </ClCompile>
    <ClCompile Include="ObjectInsertCommand.cpp">
      <Filter>Source Files\Generic\Commands</Filter>
    </ClCompile>
    <ClCompile Include="RigidDataInspectorQT.cpp">
      <Filter>Source Files\QtEditor\VarInspectors</Filter>
    </ClCompile>
    <ClCompile Include="ColShapeInspectorQT.cpp">
      <Filter>Source Files\QtEditor\VarInspectors</Filter>
    </ClCompile>
    <ClCompile Include="IntLineEdit.cpp">
      <Filter>Source Files\QtEditor\CustomWidget</Filter>
    </ClCompile>
    <ClCompile Include="FloatLineEdit.cpp">
      <Filter>Source Files\QtEditor\CustomWidget</Filter>
    </ClCompile>
    <ClCompile Include="StringVecInspectorQT.cpp">
      <Filter>Source Files\QtEditor\VarInspectors</Filter>
    </ClCompile>
    <ClCompile Include="RendererWindowQT.cpp">
      <Filter>Source Files\QtEditor</Filter>
    </ClCompile>
    <ClCompile Include="GeneratedFiles\Release_OpenGL\moc_FloatLineEdit.cpp">
      <Filter>Generated Files\Release_OpenGL</Filter>
    </ClCompile>
    <ClCompile Include="GeneratedFiles\Debug\moc_FloatLineEdit.cpp">
      <Filter>Generated Files\Debug</Filter>
    </ClCompile>
    <ClCompile Include="GeneratedFiles\Release\moc_FloatLineEdit.cpp">
      <Filter>Generated Files\Release</Filter>
    </ClCompile>
    <ClCompile Include="GeneratedFiles\Debug_OpenGL\moc_FloatLineEdit.cpp">
      <Filter>Generated Files\Debug_OpenGL</Filter>
    </ClCompile>
    <ClCompile Include="GeneratedFiles\Release_OpenGL\moc_RigidDataInspectorQT.cpp">
      <Filter>Generated Files\Release_OpenGL</Filter>
    </ClCompile>
    <ClCompile Include="GeneratedFiles\Debug\moc_RigidDataInspectorQT.cpp">
      <Filter>Generated Files\Debug</Filter>
    </ClCompile>
    <ClCompile Include="GeneratedFiles\Release\moc_RigidDataInspectorQT.cpp">
      <Filter>Generated Files\Release</Filter>
    </ClCompile>
    <ClCompile Include="GeneratedFiles\Debug_OpenGL\moc_RigidDataInspectorQT.cpp">
      <Filter>Generated Files\Debug_OpenGL</Filter>
    </ClCompile>
    <ClCompile Include="GeneratedFiles\Release_OpenGL\moc_VarInspectorQT.cpp">
      <Filter>Generated Files\Release_OpenGL</Filter>
    </ClCompile>
    <ClCompile Include="GeneratedFiles\Debug\moc_VarInspectorQT.cpp">
      <Filter>Generated Files\Debug</Filter>
    </ClCompile>
    <ClCompile Include="GeneratedFiles\Release\moc_VarInspectorQT.cpp">
      <Filter>Generated Files\Release</Filter>
    </ClCompile>
    <ClCompile Include="GeneratedFiles\Debug_OpenGL\moc_VarInspectorQT.cpp">
      <Filter>Generated Files\Debug_OpenGL</Filter>
    </ClCompile>
    <ClCompile Include="GeneratedFiles\Release_OpenGL\moc_ColorRGBAInspectorQT.cpp">
      <Filter>Generated Files\Release_OpenGL</Filter>
    </ClCompile>
    <ClCompile Include="GeneratedFiles\Debug\moc_ColorRGBAInspectorQT.cpp">
      <Filter>Generated Files\Debug</Filter>
    </ClCompile>
    <ClCompile Include="GeneratedFiles\Release\moc_ColorRGBAInspectorQT.cpp">
      <Filter>Generated Files\Release</Filter>
    </ClCompile>
    <ClCompile Include="GeneratedFiles\Debug_OpenGL\moc_ColorRGBAInspectorQT.cpp">
      <Filter>Generated Files\Debug_OpenGL</Filter>
    </ClCompile>
    <ClCompile Include="GeneratedFiles\Release_OpenGL\moc_ColorRGBInspectorQT.cpp">
      <Filter>Generated Files\Release_OpenGL</Filter>
    </ClCompile>
    <ClCompile Include="GeneratedFiles\Debug\moc_ColorRGBInspectorQT.cpp">
      <Filter>Generated Files\Debug</Filter>
    </ClCompile>
    <ClCompile Include="GeneratedFiles\Release\moc_ColorRGBInspectorQT.cpp">
      <Filter>Generated Files\Release</Filter>
    </ClCompile>
    <ClCompile Include="GeneratedFiles\Debug_OpenGL\moc_ColorRGBInspectorQT.cpp">
      <Filter>Generated Files\Debug_OpenGL</Filter>
    </ClCompile>
    <ClCompile Include="GeneratedFiles\Release_OpenGL\moc_Vec4InspectorQT.cpp">
      <Filter>Generated Files\Release_OpenGL</Filter>
    </ClCompile>
    <ClCompile Include="GeneratedFiles\Debug\moc_Vec4InspectorQT.cpp">
      <Filter>Generated Files\Debug</Filter>
    </ClCompile>
    <ClCompile Include="GeneratedFiles\Release\moc_Vec4InspectorQT.cpp">
      <Filter>Generated Files\Release</Filter>
    </ClCompile>
    <ClCompile Include="GeneratedFiles\Debug_OpenGL\moc_Vec4InspectorQT.cpp">
      <Filter>Generated Files\Debug_OpenGL</Filter>
    </ClCompile>
    <ClCompile Include="GeneratedFiles\Release_OpenGL\moc_LoggerViewQT.cpp">
      <Filter>Generated Files\Release_OpenGL</Filter>
    </ClCompile>
    <ClCompile Include="GeneratedFiles\Debug\moc_LoggerViewQT.cpp">
      <Filter>Generated Files\Debug</Filter>
    </ClCompile>
    <ClCompile Include="GeneratedFiles\Release\moc_LoggerViewQT.cpp">
      <Filter>Generated Files\Release</Filter>
    </ClCompile>
    <ClCompile Include="GeneratedFiles\Debug_OpenGL\moc_LoggerViewQT.cpp">
      <Filter>Generated Files\Debug_OpenGL</Filter>
    </ClCompile>
    <ClCompile Include="GeneratedFiles\Release_OpenGL\moc_RendererWindowQT.cpp">
      <Filter>Generated Files\Release_OpenGL</Filter>
    </ClCompile>
    <ClCompile Include="GeneratedFiles\Debug\moc_RendererWindowQT.cpp">
      <Filter>Generated Files\Debug</Filter>
    </ClCompile>
    <ClCompile Include="GeneratedFiles\Release\moc_RendererWindowQT.cpp">
      <Filter>Generated Files\Release</Filter>
    </ClCompile>
    <ClCompile Include="GeneratedFiles\Debug_OpenGL\moc_RendererWindowQT.cpp">
      <Filter>Generated Files\Debug_OpenGL</Filter>
    </ClCompile>
    <ClCompile Include="GeneratedFiles\Release_OpenGL\moc_WidgetTree.cpp">
      <Filter>Generated Files\Release_OpenGL</Filter>
    </ClCompile>
    <ClCompile Include="GeneratedFiles\Debug\moc_WidgetTree.cpp">
      <Filter>Generated Files\Debug</Filter>
    </ClCompile>
    <ClCompile Include="GeneratedFiles\Release\moc_WidgetTree.cpp">
      <Filter>Generated Files\Release</Filter>
    </ClCompile>
    <ClCompile Include="GeneratedFiles\Debug_OpenGL\moc_WidgetTree.cpp">
      <Filter>Generated Files\Debug_OpenGL</Filter>
    </ClCompile>
    <ClCompile Include="GeneratedFiles\Release_OpenGL\moc_IntLineEdit.cpp">
      <Filter>Generated Files\Release_OpenGL</Filter>
    </ClCompile>
    <ClCompile Include="GeneratedFiles\Debug\moc_IntLineEdit.cpp">
      <Filter>Generated Files\Debug</Filter>
    </ClCompile>
    <ClCompile Include="GeneratedFiles\Release\moc_IntLineEdit.cpp">
      <Filter>Generated Files\Release</Filter>
    </ClCompile>
    <ClCompile Include="GeneratedFiles\Debug_OpenGL\moc_IntLineEdit.cpp">
      <Filter>Generated Files\Debug_OpenGL</Filter>
    </ClCompile>
    <ClCompile Include="GeneratedFiles\Release_OpenGL\moc_Vec3InspectorQT.cpp">
      <Filter>Generated Files\Release_OpenGL</Filter>
    </ClCompile>
    <ClCompile Include="GeneratedFiles\Debug\moc_Vec3InspectorQT.cpp">
      <Filter>Generated Files\Debug</Filter>
    </ClCompile>
    <ClCompile Include="GeneratedFiles\Release\moc_Vec3InspectorQT.cpp">
      <Filter>Generated Files\Release</Filter>
    </ClCompile>
    <ClCompile Include="GeneratedFiles\Debug_OpenGL\moc_Vec3InspectorQT.cpp">
      <Filter>Generated Files\Debug_OpenGL</Filter>
    </ClCompile>
    <ClCompile Include="GeneratedFiles\Release_OpenGL\moc_StringInspectorQT.cpp">
      <Filter>Generated Files\Release_OpenGL</Filter>
    </ClCompile>
    <ClCompile Include="GeneratedFiles\Debug\moc_StringInspectorQT.cpp">
      <Filter>Generated Files\Debug</Filter>
    </ClCompile>
    <ClCompile Include="GeneratedFiles\Release\moc_StringInspectorQT.cpp">
      <Filter>Generated Files\Release</Filter>
    </ClCompile>
    <ClCompile Include="GeneratedFiles\Debug_OpenGL\moc_StringInspectorQT.cpp">
      <Filter>Generated Files\Debug_OpenGL</Filter>
    </ClCompile>
    <ClCompile Include="GeneratedFiles\Release_OpenGL\moc_FloatInspectorQT.cpp">
      <Filter>Generated Files\Release_OpenGL</Filter>
    </ClCompile>
    <ClCompile Include="GeneratedFiles\Debug\moc_FloatInspectorQT.cpp">
      <Filter>Generated Files\Debug</Filter>
    </ClCompile>
    <ClCompile Include="GeneratedFiles\Release\moc_FloatInspectorQT.cpp">
      <Filter>Generated Files\Release</Filter>
    </ClCompile>
    <ClCompile Include="GeneratedFiles\Debug_OpenGL\moc_FloatInspectorQT.cpp">
      <Filter>Generated Files\Debug_OpenGL</Filter>
    </ClCompile>
    <ClCompile Include="GeneratedFiles\Release_OpenGL\moc_BaseInspectorQT.cpp">
      <Filter>Generated Files\Release_OpenGL</Filter>
    </ClCompile>
    <ClCompile Include="GeneratedFiles\Debug\moc_BaseInspectorQT.cpp">
      <Filter>Generated Files\Debug</Filter>
    </ClCompile>
    <ClCompile Include="GeneratedFiles\Release\moc_BaseInspectorQT.cpp">
      <Filter>Generated Files\Release</Filter>
    </ClCompile>
    <ClCompile Include="GeneratedFiles\Debug_OpenGL\moc_BaseInspectorQT.cpp">
      <Filter>Generated Files\Debug_OpenGL</Filter>
    </ClCompile>
    <ClCompile Include="GeneratedFiles\Release_OpenGL\moc_BoolInspectorQT.cpp">
      <Filter>Generated Files\Release_OpenGL</Filter>
    </ClCompile>
    <ClCompile Include="GeneratedFiles\Debug\moc_BoolInspectorQT.cpp">
      <Filter>Generated Files\Debug</Filter>
    </ClCompile>
    <ClCompile Include="GeneratedFiles\Release\moc_BoolInspectorQT.cpp">
      <Filter>Generated Files\Release</Filter>
    </ClCompile>
    <ClCompile Include="GeneratedFiles\Debug_OpenGL\moc_BoolInspectorQT.cpp">
      <Filter>Generated Files\Debug_OpenGL</Filter>
    </ClCompile>
    <ClCompile Include="GeneratedFiles\Release_OpenGL\moc_ComponentInspectorQT.cpp">
      <Filter>Generated Files\Release_OpenGL</Filter>
    </ClCompile>
    <ClCompile Include="GeneratedFiles\Debug\moc_ComponentInspectorQT.cpp">
      <Filter>Generated Files\Debug</Filter>
    </ClCompile>
    <ClCompile Include="GeneratedFiles\Release\moc_ComponentInspectorQT.cpp">
      <Filter>Generated Files\Release</Filter>
    </ClCompile>
    <ClCompile Include="GeneratedFiles\Debug_OpenGL\moc_ComponentInspectorQT.cpp">
      <Filter>Generated Files\Debug_OpenGL</Filter>
    </ClCompile>
    <ClCompile Include="GeneratedFiles\Release_OpenGL\moc_Vec2InspectorQT.cpp">
      <Filter>Generated Files\Release_OpenGL</Filter>
    </ClCompile>
    <ClCompile Include="GeneratedFiles\Debug\moc_Vec2InspectorQT.cpp">
      <Filter>Generated Files\Debug</Filter>
    </ClCompile>
    <ClCompile Include="GeneratedFiles\Release\moc_Vec2InspectorQT.cpp">
      <Filter>Generated Files\Release</Filter>
    </ClCompile>
    <ClCompile Include="GeneratedFiles\Debug_OpenGL\moc_Vec2InspectorQT.cpp">
      <Filter>Generated Files\Debug_OpenGL</Filter>
    </ClCompile>
    <ClCompile Include="GeneratedFiles\Release_OpenGL\moc_StringVecInspectorQT.cpp">
      <Filter>Generated Files\Release_OpenGL</Filter>
    </ClCompile>
    <ClCompile Include="GeneratedFiles\Debug\moc_StringVecInspectorQT.cpp">
      <Filter>Generated Files\Debug</Filter>
    </ClCompile>
    <ClCompile Include="GeneratedFiles\Release\moc_StringVecInspectorQT.cpp">
      <Filter>Generated Files\Release</Filter>
    </ClCompile>
    <ClCompile Include="GeneratedFiles\Debug_OpenGL\moc_StringVecInspectorQT.cpp">
      <Filter>Generated Files\Debug_OpenGL</Filter>
    </ClCompile>
    <ClCompile Include="GeneratedFiles\Release_OpenGL\moc_IntInspectorQT.cpp">
      <Filter>Generated Files\Release_OpenGL</Filter>
    </ClCompile>
    <ClCompile Include="GeneratedFiles\Debug\moc_IntInspectorQT.cpp">
      <Filter>Generated Files\Debug</Filter>
    </ClCompile>
    <ClCompile Include="GeneratedFiles\Release\moc_IntInspectorQT.cpp">
      <Filter>Generated Files\Release</Filter>
    </ClCompile>
    <ClCompile Include="GeneratedFiles\Debug_OpenGL\moc_IntInspectorQT.cpp">
      <Filter>Generated Files\Debug_OpenGL</Filter>
    </ClCompile>
    <ClCompile Include="GeneratedFiles\Release_OpenGL\moc_ColShapeInspectorQT.cpp">
      <Filter>Generated Files\Release_OpenGL</Filter>
    </ClCompile>
    <ClCompile Include="GeneratedFiles\Debug\moc_ColShapeInspectorQT.cpp">
      <Filter>Generated Files\Debug</Filter>
    </ClCompile>
    <ClCompile Include="GeneratedFiles\Release\moc_ColShapeInspectorQT.cpp">
      <Filter>Generated Files\Release</Filter>
    </ClCompile>
    <ClCompile Include="GeneratedFiles\Debug_OpenGL\moc_ColShapeInspectorQT.cpp">
      <Filter>Generated Files\Debug_OpenGL</Filter>
    </ClCompile>
    <ClCompile Include="GeneratedFiles\Release_OpenGL\moc_PropertyEditorWindow.cpp">
      <Filter>Generated Files\Release_OpenGL</Filter>
    </ClCompile>
    <ClCompile Include="GeneratedFiles\Debug\moc_PropertyEditorWindow.cpp">
      <Filter>Generated Files\Debug</Filter>
    </ClCompile>
    <ClCompile Include="GeneratedFiles\Release\moc_PropertyEditorWindow.cpp">
      <Filter>Generated Files\Release</Filter>
    </ClCompile>
    <ClCompile Include="GeneratedFiles\Debug_OpenGL\moc_PropertyEditorWindow.cpp">
      <Filter>Generated Files\Debug_OpenGL</Filter>
    </ClCompile>
    <ClCompile Include="GeneratedFiles\Release_OpenGL\moc_SceneTreeQT.cpp">
      <Filter>Generated Files\Release_OpenGL</Filter>
    </ClCompile>
    <ClCompile Include="GeneratedFiles\Debug\moc_SceneTreeQT.cpp">
      <Filter>Generated Files\Debug</Filter>
    </ClCompile>
    <ClCompile Include="GeneratedFiles\Release\moc_SceneTreeQT.cpp">
      <Filter>Generated Files\Release</Filter>
    </ClCompile>
    <ClCompile Include="GeneratedFiles\Debug_OpenGL\moc_SceneTreeQT.cpp">
      <Filter>Generated Files\Debug_OpenGL</Filter>
    </ClCompile>
    <ClCompile Include="GeneratedFiles\Release_OpenGL\moc_SceneTreeModelQT.cpp">
      <Filter>Generated Files\Release_OpenGL</Filter>
    </ClCompile>
    <ClCompile Include="GeneratedFiles\Debug\moc_SceneTreeModelQT.cpp">
      <Filter>Generated Files\Debug</Filter>
    </ClCompile>
    <ClCompile Include="GeneratedFiles\Release\moc_SceneTreeModelQT.cpp">
      <Filter>Generated Files\Release</Filter>
    </ClCompile>
    <ClCompile Include="GeneratedFiles\Debug_OpenGL\moc_SceneTreeModelQT.cpp">
      <Filter>Generated Files\Debug_OpenGL</Filter>
    </ClCompile>
    <ClCompile Include="GeneratedFiles\Release_OpenGL\moc_MainWindowQT.cpp">
      <Filter>Generated Files\Release_OpenGL</Filter>
    </ClCompile>
    <ClCompile Include="GeneratedFiles\Debug\moc_MainWindowQT.cpp">
      <Filter>Generated Files\Debug</Filter>
    </ClCompile>
    <ClCompile Include="GeneratedFiles\Release\moc_MainWindowQT.cpp">
      <Filter>Generated Files\Release</Filter>
    </ClCompile>
    <ClCompile Include="GeneratedFiles\Debug_OpenGL\moc_MainWindowQT.cpp">
      <Filter>Generated Files\Debug_OpenGL</Filter>
    </ClCompile>
    <ClCompile Include="GeneratedFiles\Release_OpenGL\moc_InspectorQT.cpp">
      <Filter>Generated Files\Release_OpenGL</Filter>
    </ClCompile>
    <ClCompile Include="GeneratedFiles\Debug\moc_InspectorQT.cpp">
      <Filter>Generated Files\Debug</Filter>
    </ClCompile>
    <ClCompile Include="GeneratedFiles\Release\moc_InspectorQT.cpp">
      <Filter>Generated Files\Release</Filter>
    </ClCompile>
    <ClCompile Include="GeneratedFiles\Debug_OpenGL\moc_InspectorQT.cpp">
      <Filter>Generated Files\Debug_OpenGL</Filter>
    </ClCompile>
    <ClCompile Include="GeneratedFiles\Release_OpenGL\moc_FileExplorerQT.cpp">
      <Filter>Generated Files\Release_OpenGL</Filter>
    </ClCompile>
    <ClCompile Include="GeneratedFiles\Debug\moc_FileExplorerQT.cpp">
      <Filter>Generated Files\Debug</Filter>
    </ClCompile>
    <ClCompile Include="GeneratedFiles\Release\moc_FileExplorerQT.cpp">
      <Filter>Generated Files\Release</Filter>
    </ClCompile>
    <ClCompile Include="GeneratedFiles\Debug_OpenGL\moc_FileExplorerQT.cpp">
      <Filter>Generated Files\Debug_OpenGL</Filter>
    </ClCompile>
    <ClCompile Include="GeneratedFiles\Release_OpenGL\moc_SkyboxEditorQT.cpp">
      <Filter>Generated Files\Release_OpenGL</Filter>
    </ClCompile>
    <ClCompile Include="GeneratedFiles\Debug\moc_SkyboxEditorQT.cpp">
      <Filter>Generated Files\Debug</Filter>
    </ClCompile>
    <ClCompile Include="GeneratedFiles\Release\moc_SkyboxEditorQT.cpp">
      <Filter>Generated Files\Release</Filter>
    </ClCompile>
    <ClCompile Include="GeneratedFiles\Debug_OpenGL\moc_SkyboxEditorQT.cpp">
      <Filter>Generated Files\Debug_OpenGL</Filter>
    </ClCompile>
    <ClCompile Include="GeneratedFiles\Release_OpenGL\moc_ComponentInsertionQT.cpp">
      <Filter>Generated Files\Release_OpenGL</Filter>
    </ClCompile>
    <ClCompile Include="GeneratedFiles\Debug\moc_ComponentInsertionQT.cpp">
      <Filter>Generated Files\Debug</Filter>
    </ClCompile>
    <ClCompile Include="GeneratedFiles\Release\moc_ComponentInsertionQT.cpp">
      <Filter>Generated Files\Release</Filter>
    </ClCompile>
    <ClCompile Include="GeneratedFiles\Debug_OpenGL\moc_ComponentInsertionQT.cpp">
      <Filter>Generated Files\Debug_OpenGL</Filter>
    </ClCompile>
    <ClCompile Include="GeneratedFiles\Release_OpenGL\moc_ProjectEditorQT.cpp">
      <Filter>Generated Files\Release_OpenGL</Filter>
    </ClCompile>
    <ClCompile Include="GeneratedFiles\Debug\moc_ProjectEditorQT.cpp">
      <Filter>Generated Files\Debug</Filter>
    </ClCompile>
    <ClCompile Include="GeneratedFiles\Release\moc_ProjectEditorQT.cpp">
      <Filter>Generated Files\Release</Filter>
    </ClCompile>
    <ClCompile Include="GeneratedFiles\Debug_OpenGL\moc_ProjectEditorQT.cpp">
      <Filter>Generated Files\Debug_OpenGL</Filter>
    </ClCompile>
    <ClCompile Include="GeneratedFiles\Release_OpenGL\moc_ObjectInsertionQT.cpp">
      <Filter>Generated Files\Release_OpenGL</Filter>
    </ClCompile>
    <ClCompile Include="GeneratedFiles\Debug\moc_ObjectInsertionQT.cpp">
      <Filter>Generated Files\Debug</Filter>
    </ClCompile>
    <ClCompile Include="GeneratedFiles\Release\moc_ObjectInsertionQT.cpp">
      <Filter>Generated Files\Release</Filter>
    </ClCompile>
    <ClCompile Include="GeneratedFiles\Debug_OpenGL\moc_ObjectInsertionQT.cpp">
      <Filter>Generated Files\Debug_OpenGL</Filter>
    </ClCompile>
    <ClCompile Include="GeneratedFiles\qrc_EditorGUI.cpp">
      <Filter>Generated Files</Filter>
    </ClCompile>
    <ClCompile Include="GeneratedFiles\Release_OpenGL\moc_DeselectableTreeView.cpp">
      <Filter>Generated Files\Release_OpenGL</Filter>
    </ClCompile>
    <ClCompile Include="GeneratedFiles\Debug\moc_DeselectableTreeView.cpp">
      <Filter>Generated Files\Debug</Filter>
    </ClCompile>
    <ClCompile Include="GeneratedFiles\Release\moc_DeselectableTreeView.cpp">
      <Filter>Generated Files\Release</Filter>
    </ClCompile>
    <ClCompile Include="GeneratedFiles\Debug_OpenGL\moc_DeselectableTreeView.cpp">
      <Filter>Generated Files\Debug_OpenGL</Filter>
    </ClCompile>
    <ClCompile Include="DeselectableTreeView.cpp">
      <Filter>Source Files</Filter>
    </ClCompile>
  </ItemGroup>
  <ItemGroup>
    <CustomBuild Include="EditorGUI.qrc">
      <Filter>Resource Files</Filter>
    </CustomBuild>
    <CustomBuild Include="PropertyEditorWindow.h">
      <Filter>Header Files\QtEditor\OutDated</Filter>
    </CustomBuild>
    <CustomBuild Include="LauncherQt.h">
      <Filter>Header Files\QtEditor</Filter>
    </CustomBuild>
    <CustomBuild Include="FileExplorerQT.h">
      <Filter>Header Files\QtEditor</Filter>
    </CustomBuild>
    <CustomBuild Include="InspectorQT.h">
      <Filter>Header Files\QtEditor</Filter>
    </CustomBuild>
    <CustomBuild Include="MainWindowQT.h">
      <Filter>Header Files\QtEditor</Filter>
    </CustomBuild>
    <CustomBuild Include="SkyboxEditorQT.h">
      <Filter>Header Files\QtEditor</Filter>
    </CustomBuild>
    <CustomBuild Include="ClassDiagram.cd" />
    <CustomBuild Include="EditorDefines.h">
      <Filter>Header Files</Filter>
    </CustomBuild>
    <CustomBuild Include="resource.h">
      <Filter>Header Files</Filter>
    </CustomBuild>
    <CustomBuild Include="Resources\ic_build_white_24dp_2x.png">
      <Filter>Resource Files</Filter>
    </CustomBuild>
    <CustomBuild Include="Resources\ic_cancel_white_24dp_2x.png">
      <Filter>Resource Files</Filter>
    </CustomBuild>
    <CustomBuild Include="Resources\ic_content_copy_white_24dp_2x.png">
      <Filter>Resource Files</Filter>
    </CustomBuild>
    <CustomBuild Include="Resources\ic_content_cut_white_24dp_2x.png">
      <Filter>Resource Files</Filter>
    </CustomBuild>
    <CustomBuild Include="Resources\ic_content_paste_white_24dp_2x.png">
      <Filter>Resource Files</Filter>
    </CustomBuild>
    <CustomBuild Include="Resources\ic_open_in_new_white_24dp_2x.png">
      <Filter>Resource Files</Filter>
    </CustomBuild>
    <CustomBuild Include="Resources\ic_pause_white_24dp_2x.png">
      <Filter>Resource Files</Filter>
    </CustomBuild>
    <CustomBuild Include="Resources\ic_play_arrow_white_24dp_2x.png">
      <Filter>Resource Files</Filter>
    </CustomBuild>
    <CustomBuild Include="Resources\ic_redo_white_24dp_2x.png">
      <Filter>Resource Files</Filter>
    </CustomBuild>
    <CustomBuild Include="Resources\ic_save_white_24dp_2x.png">
      <Filter>Resource Files</Filter>
    </CustomBuild>
    <CustomBuild Include="Resources\ic_settings_white_24dp_2x.png">
      <Filter>Resource Files</Filter>
    </CustomBuild>
    <CustomBuild Include="Resources\ic_skip_next_white_24dp_2x.png">
      <Filter>Resource Files</Filter>
    </CustomBuild>
    <CustomBuild Include="Resources\ic_undo_white_24dp_2x.png">
      <Filter>Resource Files</Filter>
    </CustomBuild>
    <CustomBuild Include="SceneTreeQT.h">
      <Filter>Header Files\QtEditor</Filter>
    </CustomBuild>
    <CustomBuild Include="SceneTreeModelQT.h">
      <Filter>Header Files\QtEditor</Filter>
    </CustomBuild>
    <CustomBuild Include="LoggerViewQT.h">
      <Filter>Header Files\QtEditor</Filter>
    </CustomBuild>
    <CustomBuild Include="EditorComponent.h">
      <Filter>Header Files\Generic</Filter>
    </CustomBuild>
    <CustomBuild Include="FileManager.h">
      <Filter>Header Files\Generic</Filter>
    </CustomBuild>
    <CustomBuild Include="Inspector.h">
      <Filter>Header Files\Generic</Filter>
    </CustomBuild>
    <CustomBuild Include="Launcher.h">
      <Filter>Header Files\Generic</Filter>
    </CustomBuild>
    <CustomBuild Include="MainWindow.h">
      <Filter>Header Files\Generic</Filter>
    </CustomBuild>
    <CustomBuild Include="SceneTree.h">
      <Filter>Header Files\Generic</Filter>
    </CustomBuild>
    <CustomBuild Include="SkyboxEditor.h">
      <Filter>Header Files\Generic</Filter>
    </CustomBuild>
    <CustomBuild Include="TagManager.h">
      <Filter>Header Files\Generic</Filter>
    </CustomBuild>
    <CustomBuild Include="ComponentInspectorQT.h">
      <Filter>Header Files\QtEditor</Filter>
    </CustomBuild>
    <CustomBuild Include="BoolInspectorQT.h">
      <Filter>Header Files\QtEditor\VarInspectors</Filter>
    </CustomBuild>
    <CustomBuild Include="FloatInspectorQT.h">
      <Filter>Header Files\QtEditor\VarInspectors</Filter>
    </CustomBuild>
    <CustomBuild Include="IntInspectorQT.h">
      <Filter>Header Files\QtEditor\VarInspectors</Filter>
    </CustomBuild>
    <CustomBuild Include="StringInspectorQT.h">
      <Filter>Header Files\QtEditor\VarInspectors</Filter>
    </CustomBuild>
    <CustomBuild Include="Vec2InspectorQT.h">
      <Filter>Header Files\QtEditor\VarInspectors</Filter>
    </CustomBuild>
    <CustomBuild Include="Vec3InspectorQT.h">
      <Filter>Header Files\QtEditor\VarInspectors</Filter>
    </CustomBuild>
    <CustomBuild Include="Vec4InspectorQT.h">
      <Filter>Header Files\QtEditor\VarInspectors</Filter>
    </CustomBuild>
    <CustomBuild Include="VarInspectorQT.h">
      <Filter>Header Files\QtEditor\VarInspectors</Filter>
    </CustomBuild>
    <CustomBuild Include="ComponentInsertionQT.h">
      <Filter>Header Files\QtEditor</Filter>
    </CustomBuild>
    <CustomBuild Include="BaseInspectorQT.h">
      <Filter>Header Files\QtEditor\VarInspectors</Filter>
    </CustomBuild>
    <CustomBuild Include="ColorRGBAInspectorQT.h">
      <Filter>Header Files\QtEditor\VarInspectors</Filter>
    </CustomBuild>
    <CustomBuild Include="ColorRGBInspectorQT.h">
      <Filter>Header Files\QtEditor\VarInspectors</Filter>
    </CustomBuild>
    <CustomBuild Include="WidgetTree.h">
      <Filter>Header Files\QtEditor</Filter>
    </CustomBuild>
    <CustomBuild Include="ObjectInsertionQT.h">
      <Filter>Header Files\QtEditor</Filter>
    </CustomBuild>
    <CustomBuild Include="ProjectEditorQT.h">
      <Filter>Header Files\QtEditor</Filter>
    </CustomBuild>
    <CustomBuild Include="RendererWindowQT.h">
      <Filter>Header Files\QtEditor</Filter>
    </CustomBuild>
    <CustomBuild Include="StringVecInspectorQT.h">
      <Filter>Header Files\QtEditor\VarInspectors</Filter>
    </CustomBuild>
    <CustomBuild Include="RigidDataInspectorQT.h">
      <Filter>Header Files\QtEditor\VarInspectors</Filter>
    </CustomBuild>
    <CustomBuild Include="ColShapeInspectorQT.h">
      <Filter>Header Files\QtEditor\VarInspectors</Filter>
    </CustomBuild>
    <CustomBuild Include="FloatLineEdit.h">
      <Filter>Header Files\QtEditor\CustomWidget</Filter>
    </CustomBuild>
    <CustomBuild Include="IntLineEdit.h">
      <Filter>Header Files\QtEditor\CustomWidget</Filter>
    </CustomBuild>
    <CustomBuild Include="DeselectableTreeView.h">
      <Filter>Header Files\QtEditor</Filter>
    </CustomBuild>
  </ItemGroup>
  <ItemGroup>
    <ResourceCompile Include="EditorGUI.rc" />
  </ItemGroup>
  <ItemGroup>
    <ClInclude Include="ComponentInspector.h">
      <Filter>Header Files\Generic</Filter>
    </ClInclude>
    <ClInclude Include="LoggerView.h">
      <Filter>Header Files\Generic</Filter>
    </ClInclude>
    <ClInclude Include="VarInspector.h">
      <Filter>Header Files\Generic\VarInspectors</Filter>
    </ClInclude>
    <ClInclude Include="VarInspectorFactoryQT.h">
      <Filter>Header Files\QtEditor\VarInspectors</Filter>
    </ClInclude>
    <ClInclude Include="ComponentInsertion.h">
      <Filter>Header Files\Generic</Filter>
    </ClInclude>
    <ClInclude Include="Vec2Helper.h">
      <Filter>Header Files\Generic\VarHelpers</Filter>
    </ClInclude>
    <ClInclude Include="Vec3Helper.h">
      <Filter>Header Files\Generic\VarHelpers</Filter>
    </ClInclude>
    <ClInclude Include="Vec4Helper.h">
      <Filter>Header Files\Generic\VarHelpers</Filter>
    </ClInclude>
    <ClInclude Include="VarHelper.h">
      <Filter>Header Files\Generic\VarHelpers</Filter>
    </ClInclude>
    <ClInclude Include="VarInspectorFactory.h">
      <Filter>Header Files\Generic\VarInspectors</Filter>
    </ClInclude>
    <ClInclude Include="BaseInspector.h">
      <Filter>Header Files\Generic\VarInspectors</Filter>
    </ClInclude>
    <ClInclude Include="ObjectInsertion.h">
      <Filter>Header Files\Generic</Filter>
    </ClInclude>
    <ClInclude Include="EditorCommand.h">
      <Filter>Header Files\Generic\Commands</Filter>
    </ClInclude>
    <ClInclude Include="EditorCommandManager.h">
      <Filter>Header Files\Generic\Commands</Filter>
    </ClInclude>
    <ClInclude Include="EditorVarCommand.h">
      <Filter>Header Files\Generic\Commands</Filter>
    </ClInclude>
    <ClInclude Include="ObjectDeleteCommand.h">
      <Filter>Header Files\Generic\Commands</Filter>
    </ClInclude>
    <ClInclude Include="ObjectInsertCommand.h">
      <Filter>Header Files\Generic\Commands</Filter>
    </ClInclude>
  </ItemGroup>
  <ItemGroup>
    <Image Include="Resources\white\ic_add_white_24dp_2x.png">
      <Filter>Resource Files</Filter>
    </Image>
    <Image Include="Resources\white\ic_build_white_24dp_2x.png">
      <Filter>Resource Files</Filter>
    </Image>
    <Image Include="Resources\white\ic_cancel_white_24dp_2x.png">
      <Filter>Resource Files</Filter>
    </Image>
    <Image Include="Resources\white\ic_content_copy_white_24dp_2x.png">
      <Filter>Resource Files</Filter>
    </Image>
    <Image Include="Resources\white\ic_content_cut_white_24dp_2x.png">
      <Filter>Resource Files</Filter>
    </Image>
    <Image Include="Resources\white\ic_content_paste_white_24dp_2x.png">
      <Filter>Resource Files</Filter>
    </Image>
    <Image Include="Resources\white\ic_open_in_new_white_24dp_2x.png">
      <Filter>Resource Files</Filter>
    </Image>
    <Image Include="Resources\white\ic_pause_white_24dp_2x.png">
      <Filter>Resource Files</Filter>
    </Image>
    <Image Include="Resources\white\ic_play_arrow_white_24dp_2x.png">
      <Filter>Resource Files</Filter>
    </Image>
    <Image Include="Resources\white\ic_redo_white_24dp_2x.png">
      <Filter>Resource Files</Filter>
    </Image>
    <Image Include="Resources\white\ic_save_white_24dp_2x.png">
      <Filter>Resource Files</Filter>
    </Image>
    <Image Include="Resources\white\ic_settings_white_24dp_2x.png">
      <Filter>Resource Files</Filter>
    </Image>
    <Image Include="Resources\white\ic_skip_next_white_24dp_2x.png">
      <Filter>Resource Files</Filter>
    </Image>
    <Image Include="Resources\white\ic_undo_white_24dp_2x.png">
      <Filter>Resource Files</Filter>
    </Image>
    <Image Include="Resources\black\ic_add_black_24dp_2x.png">
      <Filter>Resource Files</Filter>
    </Image>
    <Image Include="Resources\black\ic_build_black_24dp_2x.png">
      <Filter>Resource Files</Filter>
    </Image>
    <Image Include="Resources\black\ic_cancel_black_24dp_2x.png">
      <Filter>Resource Files</Filter>
    </Image>
    <Image Include="Resources\black\ic_content_copy_black_24dp_2x.png">
      <Filter>Resource Files</Filter>
    </Image>
    <Image Include="Resources\black\ic_content_cut_black_24dp_2x.png">
      <Filter>Resource Files</Filter>
    </Image>
    <Image Include="Resources\black\ic_content_paste_black_24dp_2x.png">
      <Filter>Resource Files</Filter>
    </Image>
    <Image Include="Resources\black\ic_open_in_new_black_24dp_2x.png">
      <Filter>Resource Files</Filter>
    </Image>
    <Image Include="Resources\black\ic_pause_black_24dp_2x.png">
      <Filter>Resource Files</Filter>
    </Image>
    <Image Include="Resources\black\ic_play_arrow_black_24dp_2x.png">
      <Filter>Resource Files</Filter>
    </Image>
    <Image Include="Resources\black\ic_redo_black_24dp_2x.png">
      <Filter>Resource Files</Filter>
    </Image>
    <Image Include="Resources\black\ic_save_black_24dp_2x.png">
      <Filter>Resource Files</Filter>
    </Image>
    <Image Include="Resources\black\ic_settings_black_24dp_2x.png">
      <Filter>Resource Files</Filter>
    </Image>
    <Image Include="Resources\black\ic_skip_next_black_24dp_2x.png">
      <Filter>Resource Files</Filter>
    </Image>
    <Image Include="Resources\black\ic_undo_black_24dp_2x.png">
      <Filter>Resource Files</Filter>
    </Image>
    <Image Include="Resources\ic_launcher.png">
      <Filter>Resource Files</Filter>
    </Image>
    <Image Include="Resources\splash.png">
      <Filter>Resource Files</Filter>
    </Image>
  </ItemGroup>
  <ItemGroup>
    <None Include="editorgui_fr.ts">
      <Filter>Translation Files</Filter>
    </None>
  </ItemGroup>
</Project>