<?xml version="1.0" encoding="utf-8"?>
<Project ToolsVersion="4.0" xmlns="http://schemas.microsoft.com/developer/msbuild/2003">
  <ItemGroup>
    <Filter Include="Source Files">
      <UniqueIdentifier>{4FC737F1-C7A5-4376-A066-2A32D752A2FF}</UniqueIdentifier>
      <Extensions>cpp;c;cc;cxx;def;odl;idl;hpj;bat;asm;asmx</Extensions>
    </Filter>
    <Filter Include="Header Files">
      <UniqueIdentifier>{93995380-89BD-4b04-88EB-625FBE52EBFB}</UniqueIdentifier>
      <Extensions>h;hh;hpp;hxx;hm;inl;inc;xsd</Extensions>
    </Filter>
    <Filter Include="Resource Files">
      <UniqueIdentifier>{67DA6AB6-F800-4c08-8B7A-83BB121AAD01}</UniqueIdentifier>
      <Extensions>rc;ico;cur;bmp;dlg;rc2;rct;bin;rgs;gif;jpg;jpeg;jpe;resx;tiff;tif;png;wav;mfcribbon-ms</Extensions>
    </Filter>
    <Filter Include="Header Files\Ticking Objects">
      <UniqueIdentifier>{e3201fc0-2b44-4593-8bcf-37df2c31accd}</UniqueIdentifier>
    </Filter>
    <Filter Include="Header Files\Ticking Objects\Components">
      <UniqueIdentifier>{cc66df68-dfa0-41f4-a4ad-c30eab8a9ecc}</UniqueIdentifier>
    </Filter>
    <Filter Include="Header Files\Ticking Objects\Managers">
      <UniqueIdentifier>{3ee6b7ee-c709-44a8-9861-5bf288ca8a72}</UniqueIdentifier>
    </Filter>
    <Filter Include="Header Files\Ticking Objects\Scene Objects">
      <UniqueIdentifier>{9331b761-de8e-45cc-a7ed-4ef39c8fe717}</UniqueIdentifier>
    </Filter>
    <Filter Include="Source Files\Ticking Objects">
      <UniqueIdentifier>{ec27278d-0ac6-42c0-87f1-2a417488c859}</UniqueIdentifier>
    </Filter>
    <Filter Include="Source Files\Ticking Objects\Components">
      <UniqueIdentifier>{29fcb8d8-dea2-4562-aaa7-5d898051314f}</UniqueIdentifier>
    </Filter>
    <Filter Include="Source Files\Ticking Objects\Managers">
      <UniqueIdentifier>{6d4cf48a-c9d7-4bb4-a949-a59eb8c5edaf}</UniqueIdentifier>
    </Filter>
    <Filter Include="Source Files\Ticking Objects\Scene Objects">
      <UniqueIdentifier>{915ff8b0-0021-4168-b043-21f9c256e922}</UniqueIdentifier>
    </Filter>
    <Filter Include="Header Files\Ticking Objects\Components\Light">
      <UniqueIdentifier>{aabc823f-cd3d-4f60-b967-5e304f406f77}</UniqueIdentifier>
    </Filter>
    <Filter Include="Source Files\Ticking Objects\Components\Light">
      <UniqueIdentifier>{8c1c8902-5f9f-46f3-aa71-75b13732355d}</UniqueIdentifier>
    </Filter>
    <Filter Include="Source Files\Ticking Objects\Components\Physic">
      <UniqueIdentifier>{60416659-375c-4a65-bc0c-c70ba68deae7}</UniqueIdentifier>
    </Filter>
    <Filter Include="Header Files\Ticking Objects\Components\Physic">
      <UniqueIdentifier>{e05f0bef-c6da-477c-b1c3-79345b0ba921}</UniqueIdentifier>
    </Filter>
    <Filter Include="Source Files\Ticking Objects\Components\Audio">
      <UniqueIdentifier>{fd4476d2-851b-4513-8c72-0008fbf1420c}</UniqueIdentifier>
    </Filter>
    <Filter Include="Header Files\Ticking Objects\Components\Audio">
      <UniqueIdentifier>{347cabbf-0933-4902-9128-a4fb64a8e50a}</UniqueIdentifier>
    </Filter>
  </ItemGroup>
  <ItemGroup>
    <ClInclude Include="..\Common\EngineClasses\TCMBase.h">
      <Filter>Header Files</Filter>
    </ClInclude>
    <ClInclude Include="..\Common\EngineClasses\TCMScene.h">
      <Filter>Header Files\Ticking Objects</Filter>
    </ClInclude>
    <ClInclude Include="..\Common\EngineClasses\TCMTicking.h">
      <Filter>Header Files\Ticking Objects</Filter>
    </ClInclude>
    <ClInclude Include="..\Common\EngineClasses\TCMComponent.h">
      <Filter>Header Files\Ticking Objects\Components</Filter>
    </ClInclude>
    <ClInclude Include="..\Common\EngineClasses\TCMManager.h">
      <Filter>Header Files\Ticking Objects\Managers</Filter>
    </ClInclude>
    <ClInclude Include="..\Common\EngineClasses\TCMSceneObject.h">
      <Filter>Header Files\Ticking Objects\Scene Objects</Filter>
    </ClInclude>
    <ClInclude Include="..\common\EngineClasses\TCMComponentBehaviour.h">
      <Filter>Header Files\Ticking Objects\Components</Filter>
    </ClInclude>
    <ClInclude Include="..\Common\EngineClasses\EngineClassesDefines.h">
      <Filter>Header Files</Filter>
    </ClInclude>
    <ClInclude Include="..\Common\EngineClasses\TCMDirectionnalLight.h">
      <Filter>Header Files\Ticking Objects\Components\Light</Filter>
    </ClInclude>
    <ClInclude Include="..\Common\EngineClasses\TCMLightSource.h">
      <Filter>Header Files\Ticking Objects\Components\Light</Filter>
    </ClInclude>
    <ClInclude Include="..\Common\EngineClasses\TCMPointLight.h">
      <Filter>Header Files\Ticking Objects\Components\Light</Filter>
    </ClInclude>
    <ClInclude Include="..\Common\EngineClasses\TCMSpotLight.h">
      <Filter>Header Files\Ticking Objects\Components\Light</Filter>
    </ClInclude>
    <ClInclude Include="..\Common\EngineClasses\TCMAttenuatedLight.h">
      <Filter>Header Files\Ticking Objects\Components\Light</Filter>
    </ClInclude>
    <ClInclude Include="..\Common\EngineClasses\TCMComponentRigidBody.h">
      <Filter>Header Files\Ticking Objects\Components\Physic</Filter>
    </ClInclude>
    <ClInclude Include="..\Common\EngineClasses\TCMCameraComponent.h">
      <Filter>Header Files\Ticking Objects\Components</Filter>
    </ClInclude>
    <ClInclude Include="..\Common\EngineClasses\TCMComponentDrawable2D.h">
      <Filter>Header Files\Ticking Objects\Components</Filter>
    </ClInclude>
    <ClInclude Include="..\Common\EngineClasses\Project.h">
      <Filter>Header Files</Filter>
    </ClInclude>
    <ClInclude Include="..\Common\EngineClasses\AudioComponent.h">
      <Filter>Header Files\Ticking Objects\Components\Audio</Filter>
    </ClInclude>
    <ClInclude Include="..\Common\EngineClasses\MusicComponent.h">
      <Filter>Header Files\Ticking Objects\Components\Audio</Filter>
    </ClInclude>
    <ClInclude Include="..\Common\EngineClasses\AudioListenerComponent.h">
      <Filter>Header Files\Ticking Objects\Components\Audio</Filter>
    </ClInclude>
    <ClInclude Include="..\Common\EngineClasses\SoundComponent.h">
      <Filter>Header Files\Ticking Objects\Components\Audio</Filter>
    </ClInclude>
    <ClInclude Include="..\Common\EngineClasses\TCMComponentMesh.h">
      <Filter>Header Files\Ticking Objects\Components</Filter>
    </ClInclude>
    <ClInclude Include="..\Common\EngineClasses\TCMComponentSubMesh.h">
      <Filter>Header Files\Ticking Objects\Components</Filter>
    </ClInclude>
    <ClInclude Include="..\Common\EngineClasses\TCMTranform.h">
      <Filter>Header Files</Filter>
    </ClInclude>
    <ClInclude Include="..\Common\EngineClasses\TCMBoxRigidbody.h">
      <Filter>Header Files\Ticking Objects\Components\Physic</Filter>
    </ClInclude>
    <ClInclude Include="..\Common\EngineClasses\TCMCapsuleRigidbody.h">
      <Filter>Header Files\Ticking Objects\Components\Physic</Filter>
    </ClInclude>
    <ClInclude Include="..\Common\EngineClasses\TCMCylinderRigidbody.h">
      <Filter>Header Files\Ticking Objects\Components\Physic</Filter>
    </ClInclude>
    <ClInclude Include="..\Common\EngineClasses\TCMSphereRigidbody.h">
      <Filter>Header Files\Ticking Objects\Components\Physic</Filter>
    </ClInclude>
  </ItemGroup>
  <ItemGroup>
    <ClCompile Include="_Sources\TCMBase.cpp">
      <Filter>Source Files</Filter>
    </ClCompile>
    <ClCompile Include="_Sources\TCMScene.cpp">
      <Filter>Source Files\Ticking Objects</Filter>
    </ClCompile>
    <ClCompile Include="_Sources\TCMTicking.cpp">
      <Filter>Source Files\Ticking Objects</Filter>
    </ClCompile>
    <ClCompile Include="_Sources\TCMComponent.cpp">
      <Filter>Source Files\Ticking Objects\Components</Filter>
    </ClCompile>
    <ClCompile Include="_Sources\TCMManager.cpp">
      <Filter>Source Files\Ticking Objects\Managers</Filter>
    </ClCompile>
    <ClCompile Include="_Sources\TCMSceneObject.cpp">
      <Filter>Source Files\Ticking Objects\Scene Objects</Filter>
    </ClCompile>
    <ClCompile Include="_Sources\TCMComponentBehaviour.cpp">
      <Filter>Source Files\Ticking Objects\Components</Filter>
    </ClCompile>
    <ClCompile Include="_Sources\TCMDirectionnalLight.cpp">
      <Filter>Source Files\Ticking Objects\Components\Light</Filter>
    </ClCompile>
    <ClCompile Include="_Sources\TCMPointLight.cpp">
      <Filter>Source Files\Ticking Objects\Components\Light</Filter>
    </ClCompile>
    <ClCompile Include="_Sources\TCMSpotLight.cpp">
      <Filter>Source Files\Ticking Objects\Components\Light</Filter>
    </ClCompile>
    <ClCompile Include="..\Common\EngineClasses\TCMLightSource.cpp">
      <Filter>Source Files\Ticking Objects\Components\Light</Filter>
    </ClCompile>
    <ClCompile Include="_Sources\TCMAttenuatedLight.cpp">
      <Filter>Source Files\Ticking Objects\Components\Light</Filter>
    </ClCompile>
    <ClCompile Include="_Sources\TCMCameraComponent.cpp">
      <Filter>Source Files\Ticking Objects\Components</Filter>
    </ClCompile>
    <ClCompile Include="_Sources\TCMComponentDrawable2D.cpp">
      <Filter>Source Files\Ticking Objects\Components</Filter>
    </ClCompile>
    <ClCompile Include="_Sources\TCMComponentRigidBody.cpp">
      <Filter>Source Files\Ticking Objects\Components\Physic</Filter>
    </ClCompile>
    <ClCompile Include="_Sources\Project.cpp">
      <Filter>Source Files</Filter>
    </ClCompile>
    <ClCompile Include="MusicComponent.cpp">
      <Filter>Source Files\Ticking Objects\Components\Audio</Filter>
    </ClCompile>
    <ClCompile Include="SoundComponent.cpp">
      <Filter>Source Files\Ticking Objects\Components\Audio</Filter>
    </ClCompile>
    <ClCompile Include="_Sources\AudioListenerComponent.cpp">
      <Filter>Source Files\Ticking Objects\Components\Audio</Filter>
    </ClCompile>
    <ClCompile Include="TCMComponentMesh.cpp">
      <Filter>Source Files\Ticking Objects\Components</Filter>
    </ClCompile>
    <ClCompile Include="TCMComponentSubMesh.cpp">
      <Filter>Source Files\Ticking Objects\Components</Filter>
    </ClCompile>
    <ClCompile Include="TCMTranform.cpp">
      <Filter>Source Files</Filter>
    </ClCompile>
    <ClCompile Include="_Sources\TCMSphereRigidbody.cpp">
      <Filter>Source Files\Ticking Objects\Components\Physic</Filter>
    </ClCompile>
    <ClCompile Include="TCMCylinderRigidbody.cpp">
      <Filter>Source Files\Ticking Objects\Components\Physic</Filter>
    </ClCompile>
    <ClCompile Include="TCMCapsuleRigidbody.cpp">
      <Filter>Source Files\Ticking Objects\Components\Physic</Filter>
    </ClCompile>
    <ClCompile Include="_Sources\TCMBoxRigidbody.cpp">
      <Filter>Source Files\Ticking Objects\Components\Physic</Filter>
    </ClCompile>
  </ItemGroup>
</Project>